// !$*UTF8*$!
{
	archiveVersion = 1;
	classes = {
	};
	objectVersion = 48;
	objects = {

/* Begin PBXBuildFile section */
		687686D0758CD9295E1F94F0 /* Pods_Lenscape.framework in Frameworks */ = {isa = PBXBuildFile; fileRef = 9DD7EF58BBD9E3A705AFBDCC /* Pods_Lenscape.framework */; };
		95028D182061FBF600222BFA /* ExplorePageViewController.swift in Sources */ = {isa = PBXBuildFile; fileRef = 95028D172061FBF600222BFA /* ExplorePageViewController.swift */; };
		950358BF206F95BB00D424F4 /* GQTPointQuadTree.m in Sources */ = {isa = PBXBuildFile; fileRef = 9503587A206F95BA00D424F4 /* GQTPointQuadTree.m */; };
		950358C0206F95BB00D424F4 /* GQTPointQuadTreeChild.m in Sources */ = {isa = PBXBuildFile; fileRef = 9503587C206F95BA00D424F4 /* GQTPointQuadTreeChild.m */; };
		950358C1206F95BB00D424F4 /* GMUClusterManager.m in Sources */ = {isa = PBXBuildFile; fileRef = 95035882206F95BA00D424F4 /* GMUClusterManager.m */; };
		950358C2206F95BB00D424F4 /* GMUGridBasedClusterAlgorithm.m in Sources */ = {isa = PBXBuildFile; fileRef = 95035886206F95BA00D424F4 /* GMUGridBasedClusterAlgorithm.m */; };
		950358C3206F95BB00D424F4 /* GMUWrappingDictionaryKey.m in Sources */ = {isa = PBXBuildFile; fileRef = 95035889206F95BA00D424F4 /* GMUWrappingDictionaryKey.m */; };
		950358C4206F95BB00D424F4 /* GMUSimpleClusterAlgorithm.m in Sources */ = {isa = PBXBuildFile; fileRef = 9503588A206F95BA00D424F4 /* GMUSimpleClusterAlgorithm.m */; };
		950358C5206F95BB00D424F4 /* GMUNonHierarchicalDistanceBasedAlgorithm.m in Sources */ = {isa = PBXBuildFile; fileRef = 9503588C206F95BA00D424F4 /* GMUNonHierarchicalDistanceBasedAlgorithm.m */; };
		950358C6206F95BB00D424F4 /* GMUDefaultClusterRenderer.m in Sources */ = {isa = PBXBuildFile; fileRef = 95035895206F95BA00D424F4 /* GMUDefaultClusterRenderer.m */; };
		950358C7206F95BB00D424F4 /* GMUDefaultClusterIconGenerator.m in Sources */ = {isa = PBXBuildFile; fileRef = 95035897206F95BA00D424F4 /* GMUDefaultClusterIconGenerator.m */; };
		950358C8206F95BB00D424F4 /* GMUStaticCluster.m in Sources */ = {isa = PBXBuildFile; fileRef = 9503589A206F95BA00D424F4 /* GMUStaticCluster.m */; };
		950358C9206F95BB00D424F4 /* GMUKMLParser.m in Sources */ = {isa = PBXBuildFile; fileRef = 9503589E206F95BA00D424F4 /* GMUKMLParser.m */; };
		950358CA206F95BB00D424F4 /* GMUGeometryRenderer.m in Sources */ = {isa = PBXBuildFile; fileRef = 9503589F206F95BA00D424F4 /* GMUGeometryRenderer.m */; };
		950358CB206F95BB00D424F4 /* GMUGeometryCollection.m in Sources */ = {isa = PBXBuildFile; fileRef = 950358A2206F95BA00D424F4 /* GMUGeometryCollection.m */; };
		950358CC206F95BB00D424F4 /* GMUPlacemark.m in Sources */ = {isa = PBXBuildFile; fileRef = 950358A5206F95BA00D424F4 /* GMUPlacemark.m */; };
		950358CD206F95BB00D424F4 /* GMUPolygon.m in Sources */ = {isa = PBXBuildFile; fileRef = 950358A6206F95BA00D424F4 /* GMUPolygon.m */; };
		950358CE206F95BB00D424F4 /* GMUFeature.m in Sources */ = {isa = PBXBuildFile; fileRef = 950358A8206F95BA00D424F4 /* GMUFeature.m */; };
		950358CF206F95BB00D424F4 /* GMUGroundOverlay.m in Sources */ = {isa = PBXBuildFile; fileRef = 950358AA206F95BA00D424F4 /* GMUGroundOverlay.m */; };
		950358D0206F95BB00D424F4 /* GMUStyle.m in Sources */ = {isa = PBXBuildFile; fileRef = 950358AB206F95BA00D424F4 /* GMUStyle.m */; };
		950358D1206F95BB00D424F4 /* GMUPoint.m in Sources */ = {isa = PBXBuildFile; fileRef = 950358AC206F95BA00D424F4 /* GMUPoint.m */; };
		950358D2206F95BB00D424F4 /* GMULineString.m in Sources */ = {isa = PBXBuildFile; fileRef = 950358B2206F95BA00D424F4 /* GMULineString.m */; };
		950358D3206F95BB00D424F4 /* GMUGeoJSONParser.m in Sources */ = {isa = PBXBuildFile; fileRef = 950358B6206F95BA00D424F4 /* GMUGeoJSONParser.m */; };
		950358D4206F95BB00D424F4 /* GMUWeightedLatLng.m in Sources */ = {isa = PBXBuildFile; fileRef = 950358BA206F95BA00D424F4 /* GMUWeightedLatLng.m */; };
		950358D5206F95BB00D424F4 /* GMUGradient.m in Sources */ = {isa = PBXBuildFile; fileRef = 950358BD206F95BA00D424F4 /* GMUGradient.m */; };
		950358D6206F95BB00D424F4 /* GMUHeatmapTileLayer.m in Sources */ = {isa = PBXBuildFile; fileRef = 950358BE206F95BA00D424F4 /* GMUHeatmapTileLayer.m */; };
		950358D820709FC600D424F4 /* CustomGMUClusterIconGenerator.swift in Sources */ = {isa = PBXBuildFile; fileRef = 950358D720709FC600D424F4 /* CustomGMUClusterIconGenerator.swift */; };
		950358DA2070A2C200D424F4 /* CustomClusterRenderer.swift in Sources */ = {isa = PBXBuildFile; fileRef = 950358D92070A2C200D424F4 /* CustomClusterRenderer.swift */; };
		950358EB2071147800D424F4 /* GooglePlace.swift in Sources */ = {isa = PBXBuildFile; fileRef = 950358E92071147800D424F4 /* GooglePlace.swift */; };
		950358EC2071147800D424F4 /* GoogleDataProvider.swift in Sources */ = {isa = PBXBuildFile; fileRef = 950358EA2071147800D424F4 /* GoogleDataProvider.swift */; };
		9504A15420677CBB00FDF606 /* Location.swift in Sources */ = {isa = PBXBuildFile; fileRef = 9504A15320677CBB00FDF606 /* Location.swift */; };
		9504A15620677DB200FDF606 /* LocationManager.swift in Sources */ = {isa = PBXBuildFile; fileRef = 9504A15520677DB200FDF606 /* LocationManager.swift */; };
		95108EF220541B760072AC48 /* Identifiers.swift in Sources */ = {isa = PBXBuildFile; fileRef = 95108EF120541B760072AC48 /* Identifiers.swift */; };
		95108EF42054247A0072AC48 /* Error.swift in Sources */ = {isa = PBXBuildFile; fileRef = 95108EF32054247A0072AC48 /* Error.swift */; };
		95134E36204C2F1500121514 /* ApiManager.swift in Sources */ = {isa = PBXBuildFile; fileRef = 95134E35204C2F1500121514 /* ApiManager.swift */; };
		9518DBB82052DE0A00F0BE1B /* ExploreMapViewController.swift in Sources */ = {isa = PBXBuildFile; fileRef = 9518DBB72052DE0A00F0BE1B /* ExploreMapViewController.swift */; };
		9518DBBA2052E1E000F0BE1B /* ShadowView.swift in Sources */ = {isa = PBXBuildFile; fileRef = 9518DBB92052E1E000F0BE1B /* ShadowView.swift */; };
		9518DBBC2052E3F500F0BE1B /* EnhancedUIImageView.swift in Sources */ = {isa = PBXBuildFile; fileRef = 9518DBBB2052E3F500F0BE1B /* EnhancedUIImageView.swift */; };
		951FE8B8204C3C8C00FE6C10 /* Api.swift in Sources */ = {isa = PBXBuildFile; fileRef = 951FE8B7204C3C8C00FE6C10 /* Api.swift */; };
		951FE8BA204C3C9400FE6C10 /* UserController.swift in Sources */ = {isa = PBXBuildFile; fileRef = 951FE8B9204C3C9400FE6C10 /* UserController.swift */; };
		952EF150206D2BEF0032983B /* UIViewController.swift in Sources */ = {isa = PBXBuildFile; fileRef = 952EF14F206D2BEF0032983B /* UIViewController.swift */; };
		952EF152206D2D4A0032983B /* Notification.swift in Sources */ = {isa = PBXBuildFile; fileRef = 952EF151206D2D4A0032983B /* Notification.swift */; };
		953048A0206210CA00EB5F3F /* PhotoInfoViewController.swift in Sources */ = {isa = PBXBuildFile; fileRef = 9530489F206210CA00EB5F3F /* PhotoInfoViewController.swift */; };
		953048A220627C5C00EB5F3F /* FullImageViewController.swift in Sources */ = {isa = PBXBuildFile; fileRef = 953048A120627C5B00EB5F3F /* FullImageViewController.swift */; };
		953048A42062845600EB5F3F /* PortraitViewController.swift in Sources */ = {isa = PBXBuildFile; fileRef = 953048A32062845600EB5F3F /* PortraitViewController.swift */; };
		95431EFA2060059800F8CD43 /* TabHeader.swift in Sources */ = {isa = PBXBuildFile; fileRef = 95431EF92060059800F8CD43 /* TabHeader.swift */; };
		95431EFD206005AC00F8CD43 /* TabHeader.xib in Resources */ = {isa = PBXBuildFile; fileRef = 95431EFC206005AC00F8CD43 /* TabHeader.xib */; };
		95431F00206008A300F8CD43 /* ExploreSupplementaryView.swift in Sources */ = {isa = PBXBuildFile; fileRef = 95431EFF206008A300F8CD43 /* ExploreSupplementaryView.swift */; };
		95431F02206008B300F8CD43 /* ExploreSupplementaryView.xib in Resources */ = {isa = PBXBuildFile; fileRef = 95431F01206008B300F8CD43 /* ExploreSupplementaryView.xib */; };
		95431F0420600A0000F8CD43 /* CustomView.swift in Sources */ = {isa = PBXBuildFile; fileRef = 95431F0320600A0000F8CD43 /* CustomView.swift */; };
		954672B9204EAFE400035B94 /* FacebookLogin.swift in Sources */ = {isa = PBXBuildFile; fileRef = 954672B8204EAFE400035B94 /* FacebookLogin.swift */; };
		954672BB2050DF7800035B94 /* AuthViewController.swift in Sources */ = {isa = PBXBuildFile; fileRef = 954672BA2050DF7800035B94 /* AuthViewController.swift */; };
		955606A1205CE3BA007B3B17 /* OpenCameraViewControllerModal.swift in Sources */ = {isa = PBXBuildFile; fileRef = 955606A0205CE3BA007B3B17 /* OpenCameraViewControllerModal.swift */; };
		955606AA205CEBEC007B3B17 /* CameraShotButton.swift in Sources */ = {isa = PBXBuildFile; fileRef = 955606A9205CEBEC007B3B17 /* CameraShotButton.swift */; };
		955C3AF5204D95C40023FAF0 /* TextField.swift in Sources */ = {isa = PBXBuildFile; fileRef = 955C3AF4204D95C40023FAF0 /* TextField.swift */; };
		955C3AF7204D96C00023FAF0 /* RoundedBorderButton.swift in Sources */ = {isa = PBXBuildFile; fileRef = 955C3AF6204D96C00023FAF0 /* RoundedBorderButton.swift */; };
		95656934204C2BB3005F9F6B /* AppDelegate.swift in Sources */ = {isa = PBXBuildFile; fileRef = 95656933204C2BB3005F9F6B /* AppDelegate.swift */; };
		95656936204C2BB3005F9F6B /* SignInViewController.swift in Sources */ = {isa = PBXBuildFile; fileRef = 95656935204C2BB3005F9F6B /* SignInViewController.swift */; };
		95656939204C2BB3005F9F6B /* Main.storyboard in Resources */ = {isa = PBXBuildFile; fileRef = 95656937204C2BB3005F9F6B /* Main.storyboard */; };
		9565693B204C2BB3005F9F6B /* Assets.xcassets in Resources */ = {isa = PBXBuildFile; fileRef = 9565693A204C2BB3005F9F6B /* Assets.xcassets */; };
		9565693E204C2BB3005F9F6B /* LaunchScreen.storyboard in Resources */ = {isa = PBXBuildFile; fileRef = 9565693C204C2BB3005F9F6B /* LaunchScreen.storyboard */; };
		956F1704204EA69000CADB75 /* ExploreViewController.swift in Sources */ = {isa = PBXBuildFile; fileRef = 956F1703204EA69000CADB75 /* ExploreViewController.swift */; };
		956F1706204EAB0000CADB75 /* SignUpViewController.swift in Sources */ = {isa = PBXBuildFile; fileRef = 956F1705204EAB0000CADB75 /* SignUpViewController.swift */; };
		957FA7D92056363C005F2E91 /* SeasoningScrollView.xib in Resources */ = {isa = PBXBuildFile; fileRef = 957FA7D82056363C005F2E91 /* SeasoningScrollView.xib */; };
		957FA7DB20563644005F2E91 /* SeasoningScrollView.swift in Sources */ = {isa = PBXBuildFile; fileRef = 957FA7DA20563644005F2E91 /* SeasoningScrollView.swift */; };
		957FA7DF20565E9C005F2E91 /* PhotoPostViewController.swift in Sources */ = {isa = PBXBuildFile; fileRef = 957FA7DE20565E9C005F2E91 /* PhotoPostViewController.swift */; };
		9582DC30205CC76800779E38 /* PhotoUploadingDelegate.swift in Sources */ = {isa = PBXBuildFile; fileRef = 9582DC2F205CC76800779E38 /* PhotoUploadingDelegate.swift */; };
		9582DC32205CC86500779E38 /* PhotoUploader.swift in Sources */ = {isa = PBXBuildFile; fileRef = 9582DC31205CC86500779E38 /* PhotoUploader.swift */; };
		958B9214207380DB0061F26A /* flat-map-design.json in Resources */ = {isa = PBXBuildFile; fileRef = 958B9212207380DB0061F26A /* flat-map-design.json */; };
		958B9215207380DB0061F26A /* flat-pale-map-style.json in Resources */ = {isa = PBXBuildFile; fileRef = 958B9213207380DB0061F26A /* flat-pale-map-style.json */; };
		9595F06F2055712300A740E1 /* CircularScrollViewItem.xib in Resources */ = {isa = PBXBuildFile; fileRef = 9595F06E2055712300A740E1 /* CircularScrollViewItem.xib */; };
		9595F0712055714800A740E1 /* CircularScrollViewItem.swift in Sources */ = {isa = PBXBuildFile; fileRef = 9595F0702055714800A740E1 /* CircularScrollViewItem.swift */; };
		9595F0742056103100A740E1 /* CircularInfiniteScroll.xib in Resources */ = {isa = PBXBuildFile; fileRef = 9595F0732056103100A740E1 /* CircularInfiniteScroll.xib */; };
		9595F076205610FE00A740E1 /* CircularInfiniteScroll.swift in Sources */ = {isa = PBXBuildFile; fileRef = 9595F075205610FE00A740E1 /* CircularInfiniteScroll.swift */; };
		9597DE64205F7BB200B7E751 /* Image.swift in Sources */ = {isa = PBXBuildFile; fileRef = 9597DE63205F7BB200B7E751 /* Image.swift */; };
		95B7C1FC204E9DD100410A48 /* Dictionary.swift in Sources */ = {isa = PBXBuildFile; fileRef = 95B7C1FB204E9DD100410A48 /* Dictionary.swift */; };
		95B8AB7C2051953C007480AA /* ProfileViewController.swift in Sources */ = {isa = PBXBuildFile; fileRef = 95B8AB7B2051953C007480AA /* ProfileViewController.swift */; };
		95B8AB7E20519544007480AA /* TrendViewController.swift in Sources */ = {isa = PBXBuildFile; fileRef = 95B8AB7D20519544007480AA /* TrendViewController.swift */; };
		95B8AB802051954D007480AA /* FavoriteViewController.swift in Sources */ = {isa = PBXBuildFile; fileRef = 95B8AB7F2051954D007480AA /* FavoriteViewController.swift */; };
		95B8AB8220523B9E007480AA /* MainTabBarController.swift in Sources */ = {isa = PBXBuildFile; fileRef = 95B8AB8120523B9E007480AA /* MainTabBarController.swift */; };
		95C35BBD2071E1A500030B12 /* PhotoUploadInformationCard.xib in Resources */ = {isa = PBXBuildFile; fileRef = 95C35BBC2071E1A500030B12 /* PhotoUploadInformationCard.xib */; };
		95C35BBF2071E1B700030B12 /* PhotoUploadInformationCard.swift in Sources */ = {isa = PBXBuildFile; fileRef = 95C35BBE2071E1B700030B12 /* PhotoUploadInformationCard.swift */; };
		95C35BC3207215FE00030B12 /* Owner.swift in Sources */ = {isa = PBXBuildFile; fileRef = 95C35BC2207215FE00030B12 /* Owner.swift */; };
		95C35BC5207232D100030B12 /* PhotoPreviewViewController.swift in Sources */ = {isa = PBXBuildFile; fileRef = 95C35BC4207232D100030B12 /* PhotoPreviewViewController.swift */; };
		95D43EA92064DA2400CB3517 /* PhotoInformationCard.xib in Resources */ = {isa = PBXBuildFile; fileRef = 95D43EA82064DA2400CB3517 /* PhotoInformationCard.xib */; };
		95D43EAB2064DAD500CB3517 /* PhotoInformationCard.swift in Sources */ = {isa = PBXBuildFile; fileRef = 95D43EAA2064DAD500CB3517 /* PhotoInformationCard.swift */; };
		95DD8285206156F40073B097 /* CustomTabBar.swift in Sources */ = {isa = PBXBuildFile; fileRef = 95DD8284206156F40073B097 /* CustomTabBar.swift */; };
		95E45148206DF2B7000E5046 /* Pagination.swift in Sources */ = {isa = PBXBuildFile; fileRef = 95E45147206DF2B7000E5046 /* Pagination.swift */; };
		95F85EF02062BB590059ACFB /* SettingsTableViewController.swift in Sources */ = {isa = PBXBuildFile; fileRef = 95F85EEF2062BB590059ACFB /* SettingsTableViewController.swift */; };
		95F85EF32063454E0059ACFB /* ImageCollectionViewCell.xib in Resources */ = {isa = PBXBuildFile; fileRef = 95F85EF22063454E0059ACFB /* ImageCollectionViewCell.xib */; };
		95F85EF52063455F0059ACFB /* ImageCollectionViewCell.swift in Sources */ = {isa = PBXBuildFile; fileRef = 95F85EF42063455F0059ACFB /* ImageCollectionViewCell.swift */; };
		95F85EF9206349690059ACFB /* UIGridCollectionViewDelegate.swift in Sources */ = {isa = PBXBuildFile; fileRef = 95F85EF8206349690059ACFB /* UIGridCollectionViewDelegate.swift */; };
		95F85EFB20634B950059ACFB /* UICollectionViewDelegateFlowLayout.swift in Sources */ = {isa = PBXBuildFile; fileRef = 95F85EFA20634B950059ACFB /* UICollectionViewDelegateFlowLayout.swift */; };
		95F881412055248E003F61D4 /* UIButton.swift in Sources */ = {isa = PBXBuildFile; fileRef = 95F881402055248D003F61D4 /* UIButton.swift */; };
		95F8814520555309003F61D4 /* GradientView.swift in Sources */ = {isa = PBXBuildFile; fileRef = 95F8814420555309003F61D4 /* GradientView.swift */; };
		D064913B206CF015002ADF2C /* UIScrollView+EmptyDataSet.m in Sources */ = {isa = PBXBuildFile; fileRef = D064913A206CF014002ADF2C /* UIScrollView+EmptyDataSet.m */; };
		D064919D206E8B5F002ADF2C /* POIItem.swift in Sources */ = {isa = PBXBuildFile; fileRef = D064919C206E8B5F002ADF2C /* POIItem.swift */; };
		D0C97A83206A4D590054276F /* ValidationError.swift in Sources */ = {isa = PBXBuildFile; fileRef = D0C97A82206A4D590054276F /* ValidationError.swift */; };
		D0ED74C12064156200F197C1 /* ProfileInfoView.xib in Resources */ = {isa = PBXBuildFile; fileRef = D0ED74C02064156200F197C1 /* ProfileInfoView.xib */; };
		D0ED74C3206415C100F197C1 /* ProfileInfoView.swift in Sources */ = {isa = PBXBuildFile; fileRef = D0ED74C2206415C100F197C1 /* ProfileInfoView.swift */; };
/* End PBXBuildFile section */

/* Begin PBXFileReference section */
		5362A6BF6BD12409D463E8E5 /* Pods-Lenscape.release.xcconfig */ = {isa = PBXFileReference; includeInIndex = 1; lastKnownFileType = text.xcconfig; name = "Pods-Lenscape.release.xcconfig"; path = "Pods/Target Support Files/Pods-Lenscape/Pods-Lenscape.release.xcconfig"; sourceTree = "<group>"; };
		95028D172061FBF600222BFA /* ExplorePageViewController.swift */ = {isa = PBXFileReference; lastKnownFileType = sourcecode.swift; path = ExplorePageViewController.swift; sourceTree = "<group>"; };
		9503587A206F95BA00D424F4 /* GQTPointQuadTree.m */ = {isa = PBXFileReference; fileEncoding = 4; lastKnownFileType = sourcecode.c.objc; path = GQTPointQuadTree.m; sourceTree = "<group>"; };
		9503587B206F95BA00D424F4 /* GQTPointQuadTreeItem.h */ = {isa = PBXFileReference; fileEncoding = 4; lastKnownFileType = sourcecode.c.h; path = GQTPointQuadTreeItem.h; sourceTree = "<group>"; };
		9503587C206F95BA00D424F4 /* GQTPointQuadTreeChild.m */ = {isa = PBXFileReference; fileEncoding = 4; lastKnownFileType = sourcecode.c.objc; path = GQTPointQuadTreeChild.m; sourceTree = "<group>"; };
		9503587D206F95BA00D424F4 /* GQTPoint.h */ = {isa = PBXFileReference; fileEncoding = 4; lastKnownFileType = sourcecode.c.h; path = GQTPoint.h; sourceTree = "<group>"; };
		9503587E206F95BA00D424F4 /* GQTPointQuadTree.h */ = {isa = PBXFileReference; fileEncoding = 4; lastKnownFileType = sourcecode.c.h; path = GQTPointQuadTree.h; sourceTree = "<group>"; };
		9503587F206F95BA00D424F4 /* GQTPointQuadTreeChild.h */ = {isa = PBXFileReference; fileEncoding = 4; lastKnownFileType = sourcecode.c.h; path = GQTPointQuadTreeChild.h; sourceTree = "<group>"; };
		95035880206F95BA00D424F4 /* GQTBounds.h */ = {isa = PBXFileReference; fileEncoding = 4; lastKnownFileType = sourcecode.c.h; path = GQTBounds.h; sourceTree = "<group>"; };
		95035882206F95BA00D424F4 /* GMUClusterManager.m */ = {isa = PBXFileReference; fileEncoding = 4; lastKnownFileType = sourcecode.c.objc; path = GMUClusterManager.m; sourceTree = "<group>"; };
		95035883206F95BA00D424F4 /* GMUStaticCluster.h */ = {isa = PBXFileReference; fileEncoding = 4; lastKnownFileType = sourcecode.c.h; path = GMUStaticCluster.h; sourceTree = "<group>"; };
		95035884206F95BA00D424F4 /* GMUMarkerClustering.h */ = {isa = PBXFileReference; fileEncoding = 4; lastKnownFileType = sourcecode.c.h; path = GMUMarkerClustering.h; sourceTree = "<group>"; };
		95035886206F95BA00D424F4 /* GMUGridBasedClusterAlgorithm.m */ = {isa = PBXFileReference; fileEncoding = 4; lastKnownFileType = sourcecode.c.objc; path = GMUGridBasedClusterAlgorithm.m; sourceTree = "<group>"; };
		95035887206F95BA00D424F4 /* GMUClusterAlgorithm.h */ = {isa = PBXFileReference; fileEncoding = 4; lastKnownFileType = sourcecode.c.h; path = GMUClusterAlgorithm.h; sourceTree = "<group>"; };
		95035888206F95BA00D424F4 /* GMUNonHierarchicalDistanceBasedAlgorithm.h */ = {isa = PBXFileReference; fileEncoding = 4; lastKnownFileType = sourcecode.c.h; path = GMUNonHierarchicalDistanceBasedAlgorithm.h; sourceTree = "<group>"; };
		95035889206F95BA00D424F4 /* GMUWrappingDictionaryKey.m */ = {isa = PBXFileReference; fileEncoding = 4; lastKnownFileType = sourcecode.c.objc; path = GMUWrappingDictionaryKey.m; sourceTree = "<group>"; };
		9503588A206F95BA00D424F4 /* GMUSimpleClusterAlgorithm.m */ = {isa = PBXFileReference; fileEncoding = 4; lastKnownFileType = sourcecode.c.objc; path = GMUSimpleClusterAlgorithm.m; sourceTree = "<group>"; };
		9503588B206F95BA00D424F4 /* GMUGridBasedClusterAlgorithm.h */ = {isa = PBXFileReference; fileEncoding = 4; lastKnownFileType = sourcecode.c.h; path = GMUGridBasedClusterAlgorithm.h; sourceTree = "<group>"; };
		9503588C206F95BA00D424F4 /* GMUNonHierarchicalDistanceBasedAlgorithm.m */ = {isa = PBXFileReference; fileEncoding = 4; lastKnownFileType = sourcecode.c.objc; path = GMUNonHierarchicalDistanceBasedAlgorithm.m; sourceTree = "<group>"; };
		9503588D206F95BA00D424F4 /* GMUSimpleClusterAlgorithm.h */ = {isa = PBXFileReference; fileEncoding = 4; lastKnownFileType = sourcecode.c.h; path = GMUSimpleClusterAlgorithm.h; sourceTree = "<group>"; };
		9503588E206F95BA00D424F4 /* GMUWrappingDictionaryKey.h */ = {isa = PBXFileReference; fileEncoding = 4; lastKnownFileType = sourcecode.c.h; path = GMUWrappingDictionaryKey.h; sourceTree = "<group>"; };
		9503588F206F95BA00D424F4 /* GMUClusterManager.h */ = {isa = PBXFileReference; fileEncoding = 4; lastKnownFileType = sourcecode.c.h; path = GMUClusterManager.h; sourceTree = "<group>"; };
		95035890206F95BA00D424F4 /* GMUClusterManager+Testing.h */ = {isa = PBXFileReference; fileEncoding = 4; lastKnownFileType = sourcecode.c.h; path = "GMUClusterManager+Testing.h"; sourceTree = "<group>"; };
		95035892206F95BA00D424F4 /* GMUClusterIconGenerator.h */ = {isa = PBXFileReference; fileEncoding = 4; lastKnownFileType = sourcecode.c.h; path = GMUClusterIconGenerator.h; sourceTree = "<group>"; };
		95035893206F95BA00D424F4 /* GMUClusterRenderer.h */ = {isa = PBXFileReference; fileEncoding = 4; lastKnownFileType = sourcecode.c.h; path = GMUClusterRenderer.h; sourceTree = "<group>"; };
		95035894206F95BA00D424F4 /* GMUDefaultClusterRenderer+Testing.h */ = {isa = PBXFileReference; fileEncoding = 4; lastKnownFileType = sourcecode.c.h; path = "GMUDefaultClusterRenderer+Testing.h"; sourceTree = "<group>"; };
		95035895206F95BA00D424F4 /* GMUDefaultClusterRenderer.m */ = {isa = PBXFileReference; fileEncoding = 4; lastKnownFileType = sourcecode.c.objc; path = GMUDefaultClusterRenderer.m; sourceTree = "<group>"; };
		95035896206F95BA00D424F4 /* GMUDefaultClusterIconGenerator.h */ = {isa = PBXFileReference; fileEncoding = 4; lastKnownFileType = sourcecode.c.h; path = GMUDefaultClusterIconGenerator.h; sourceTree = "<group>"; };
		95035897206F95BA00D424F4 /* GMUDefaultClusterIconGenerator.m */ = {isa = PBXFileReference; fileEncoding = 4; lastKnownFileType = sourcecode.c.objc; path = GMUDefaultClusterIconGenerator.m; sourceTree = "<group>"; };
		95035898206F95BA00D424F4 /* GMUDefaultClusterRenderer.h */ = {isa = PBXFileReference; fileEncoding = 4; lastKnownFileType = sourcecode.c.h; path = GMUDefaultClusterRenderer.h; sourceTree = "<group>"; };
		95035899206F95BA00D424F4 /* GMUDefaultClusterIconGenerator+Testing.h */ = {isa = PBXFileReference; fileEncoding = 4; lastKnownFileType = sourcecode.c.h; path = "GMUDefaultClusterIconGenerator+Testing.h"; sourceTree = "<group>"; };
		9503589A206F95BA00D424F4 /* GMUStaticCluster.m */ = {isa = PBXFileReference; fileEncoding = 4; lastKnownFileType = sourcecode.c.objc; path = GMUStaticCluster.m; sourceTree = "<group>"; };
		9503589B206F95BA00D424F4 /* GMUCluster.h */ = {isa = PBXFileReference; fileEncoding = 4; lastKnownFileType = sourcecode.c.h; path = GMUCluster.h; sourceTree = "<group>"; };
		9503589C206F95BA00D424F4 /* GMUClusterItem.h */ = {isa = PBXFileReference; fileEncoding = 4; lastKnownFileType = sourcecode.c.h; path = GMUClusterItem.h; sourceTree = "<group>"; };
		9503589E206F95BA00D424F4 /* GMUKMLParser.m */ = {isa = PBXFileReference; fileEncoding = 4; lastKnownFileType = sourcecode.c.objc; path = GMUKMLParser.m; sourceTree = "<group>"; };
		9503589F206F95BA00D424F4 /* GMUGeometryRenderer.m */ = {isa = PBXFileReference; fileEncoding = 4; lastKnownFileType = sourcecode.c.objc; path = GMUGeometryRenderer.m; sourceTree = "<group>"; };
		950358A0206F95BA00D424F4 /* GMUGeoJSONParser.h */ = {isa = PBXFileReference; fileEncoding = 4; lastKnownFileType = sourcecode.c.h; path = GMUGeoJSONParser.h; sourceTree = "<group>"; };
		950358A2206F95BA00D424F4 /* GMUGeometryCollection.m */ = {isa = PBXFileReference; fileEncoding = 4; lastKnownFileType = sourcecode.c.objc; path = GMUGeometryCollection.m; sourceTree = "<group>"; };
		950358A3206F95BA00D424F4 /* GMUPoint.h */ = {isa = PBXFileReference; fileEncoding = 4; lastKnownFileType = sourcecode.c.h; path = GMUPoint.h; sourceTree = "<group>"; };
		950358A4206F95BA00D424F4 /* GMUStyle.h */ = {isa = PBXFileReference; fileEncoding = 4; lastKnownFileType = sourcecode.c.h; path = GMUStyle.h; sourceTree = "<group>"; };
		950358A5206F95BA00D424F4 /* GMUPlacemark.m */ = {isa = PBXFileReference; fileEncoding = 4; lastKnownFileType = sourcecode.c.objc; path = GMUPlacemark.m; sourceTree = "<group>"; };
		950358A6206F95BA00D424F4 /* GMUPolygon.m */ = {isa = PBXFileReference; fileEncoding = 4; lastKnownFileType = sourcecode.c.objc; path = GMUPolygon.m; sourceTree = "<group>"; };
		950358A7206F95BA00D424F4 /* GMUGeometryContainer.h */ = {isa = PBXFileReference; fileEncoding = 4; lastKnownFileType = sourcecode.c.h; path = GMUGeometryContainer.h; sourceTree = "<group>"; };
		950358A8206F95BA00D424F4 /* GMUFeature.m */ = {isa = PBXFileReference; fileEncoding = 4; lastKnownFileType = sourcecode.c.objc; path = GMUFeature.m; sourceTree = "<group>"; };
		950358A9206F95BA00D424F4 /* GMULineString.h */ = {isa = PBXFileReference; fileEncoding = 4; lastKnownFileType = sourcecode.c.h; path = GMULineString.h; sourceTree = "<group>"; };
		950358AA206F95BA00D424F4 /* GMUGroundOverlay.m */ = {isa = PBXFileReference; fileEncoding = 4; lastKnownFileType = sourcecode.c.objc; path = GMUGroundOverlay.m; sourceTree = "<group>"; };
		950358AB206F95BA00D424F4 /* GMUStyle.m */ = {isa = PBXFileReference; fileEncoding = 4; lastKnownFileType = sourcecode.c.objc; path = GMUStyle.m; sourceTree = "<group>"; };
		950358AC206F95BA00D424F4 /* GMUPoint.m */ = {isa = PBXFileReference; fileEncoding = 4; lastKnownFileType = sourcecode.c.objc; path = GMUPoint.m; sourceTree = "<group>"; };
		950358AD206F95BA00D424F4 /* GMUGeometry.h */ = {isa = PBXFileReference; fileEncoding = 4; lastKnownFileType = sourcecode.c.h; path = GMUGeometry.h; sourceTree = "<group>"; };
		950358AE206F95BA00D424F4 /* GMUGeometryCollection.h */ = {isa = PBXFileReference; fileEncoding = 4; lastKnownFileType = sourcecode.c.h; path = GMUGeometryCollection.h; sourceTree = "<group>"; };
		950358AF206F95BA00D424F4 /* GMUPolygon.h */ = {isa = PBXFileReference; fileEncoding = 4; lastKnownFileType = sourcecode.c.h; path = GMUPolygon.h; sourceTree = "<group>"; };
		950358B0206F95BA00D424F4 /* GMUPlacemark.h */ = {isa = PBXFileReference; fileEncoding = 4; lastKnownFileType = sourcecode.c.h; path = GMUPlacemark.h; sourceTree = "<group>"; };
		950358B1206F95BA00D424F4 /* GMUGroundOverlay.h */ = {isa = PBXFileReference; fileEncoding = 4; lastKnownFileType = sourcecode.c.h; path = GMUGroundOverlay.h; sourceTree = "<group>"; };
		950358B2206F95BA00D424F4 /* GMULineString.m */ = {isa = PBXFileReference; fileEncoding = 4; lastKnownFileType = sourcecode.c.objc; path = GMULineString.m; sourceTree = "<group>"; };
		950358B3206F95BA00D424F4 /* GMUFeature.h */ = {isa = PBXFileReference; fileEncoding = 4; lastKnownFileType = sourcecode.c.h; path = GMUFeature.h; sourceTree = "<group>"; };
		950358B4206F95BA00D424F4 /* GMUKMLParser.h */ = {isa = PBXFileReference; fileEncoding = 4; lastKnownFileType = sourcecode.c.h; path = GMUKMLParser.h; sourceTree = "<group>"; };
		950358B5206F95BA00D424F4 /* GMUGeometryRenderer+Testing.h */ = {isa = PBXFileReference; fileEncoding = 4; lastKnownFileType = sourcecode.c.h; path = "GMUGeometryRenderer+Testing.h"; sourceTree = "<group>"; };
		950358B6206F95BA00D424F4 /* GMUGeoJSONParser.m */ = {isa = PBXFileReference; fileEncoding = 4; lastKnownFileType = sourcecode.c.objc; path = GMUGeoJSONParser.m; sourceTree = "<group>"; };
		950358B7206F95BA00D424F4 /* GMUGeometryRenderer.h */ = {isa = PBXFileReference; fileEncoding = 4; lastKnownFileType = sourcecode.c.h; path = GMUGeometryRenderer.h; sourceTree = "<group>"; };
		950358B9206F95BA00D424F4 /* GMUGradient.h */ = {isa = PBXFileReference; fileEncoding = 4; lastKnownFileType = sourcecode.c.h; path = GMUGradient.h; sourceTree = "<group>"; };
		950358BA206F95BA00D424F4 /* GMUWeightedLatLng.m */ = {isa = PBXFileReference; fileEncoding = 4; lastKnownFileType = sourcecode.c.objc; path = GMUWeightedLatLng.m; sourceTree = "<group>"; };
		950358BB206F95BA00D424F4 /* GMUHeatmapTileLayer.h */ = {isa = PBXFileReference; fileEncoding = 4; lastKnownFileType = sourcecode.c.h; path = GMUHeatmapTileLayer.h; sourceTree = "<group>"; };
		950358BC206F95BA00D424F4 /* GMUWeightedLatLng.h */ = {isa = PBXFileReference; fileEncoding = 4; lastKnownFileType = sourcecode.c.h; path = GMUWeightedLatLng.h; sourceTree = "<group>"; };
		950358BD206F95BA00D424F4 /* GMUGradient.m */ = {isa = PBXFileReference; fileEncoding = 4; lastKnownFileType = sourcecode.c.objc; path = GMUGradient.m; sourceTree = "<group>"; };
		950358BE206F95BA00D424F4 /* GMUHeatmapTileLayer.m */ = {isa = PBXFileReference; fileEncoding = 4; lastKnownFileType = sourcecode.c.objc; path = GMUHeatmapTileLayer.m; sourceTree = "<group>"; };
		950358D720709FC600D424F4 /* CustomGMUClusterIconGenerator.swift */ = {isa = PBXFileReference; lastKnownFileType = sourcecode.swift; path = CustomGMUClusterIconGenerator.swift; sourceTree = "<group>"; };
		950358D92070A2C200D424F4 /* CustomClusterRenderer.swift */ = {isa = PBXFileReference; lastKnownFileType = sourcecode.swift; path = CustomClusterRenderer.swift; sourceTree = "<group>"; };
		950358E92071147800D424F4 /* GooglePlace.swift */ = {isa = PBXFileReference; fileEncoding = 4; lastKnownFileType = sourcecode.swift; path = GooglePlace.swift; sourceTree = "<group>"; };
		950358EA2071147800D424F4 /* GoogleDataProvider.swift */ = {isa = PBXFileReference; fileEncoding = 4; lastKnownFileType = sourcecode.swift; path = GoogleDataProvider.swift; sourceTree = "<group>"; };
		9504A15320677CBB00FDF606 /* Location.swift */ = {isa = PBXFileReference; lastKnownFileType = sourcecode.swift; path = Location.swift; sourceTree = "<group>"; };
		9504A15520677DB200FDF606 /* LocationManager.swift */ = {isa = PBXFileReference; lastKnownFileType = sourcecode.swift; path = LocationManager.swift; sourceTree = "<group>"; };
		95108EF120541B760072AC48 /* Identifiers.swift */ = {isa = PBXFileReference; lastKnownFileType = sourcecode.swift; path = Identifiers.swift; sourceTree = "<group>"; };
		95108EF32054247A0072AC48 /* Error.swift */ = {isa = PBXFileReference; lastKnownFileType = sourcecode.swift; path = Error.swift; sourceTree = "<group>"; };
		95134E35204C2F1500121514 /* ApiManager.swift */ = {isa = PBXFileReference; lastKnownFileType = sourcecode.swift; path = ApiManager.swift; sourceTree = "<group>"; };
		9518DBB72052DE0A00F0BE1B /* ExploreMapViewController.swift */ = {isa = PBXFileReference; lastKnownFileType = sourcecode.swift; path = ExploreMapViewController.swift; sourceTree = "<group>"; };
		9518DBB92052E1E000F0BE1B /* ShadowView.swift */ = {isa = PBXFileReference; lastKnownFileType = sourcecode.swift; path = ShadowView.swift; sourceTree = "<group>"; };
		9518DBBB2052E3F500F0BE1B /* EnhancedUIImageView.swift */ = {isa = PBXFileReference; lastKnownFileType = sourcecode.swift; path = EnhancedUIImageView.swift; sourceTree = "<group>"; };
		951FE8B7204C3C8C00FE6C10 /* Api.swift */ = {isa = PBXFileReference; lastKnownFileType = sourcecode.swift; path = Api.swift; sourceTree = "<group>"; };
		951FE8B9204C3C9400FE6C10 /* UserController.swift */ = {isa = PBXFileReference; lastKnownFileType = sourcecode.swift; path = UserController.swift; sourceTree = "<group>"; };
		952EF14D206D2A960032983B /* LocationDelegate.swift */ = {isa = PBXFileReference; lastKnownFileType = sourcecode.swift; path = LocationDelegate.swift; sourceTree = "<group>"; };
		952EF14F206D2BEF0032983B /* UIViewController.swift */ = {isa = PBXFileReference; lastKnownFileType = sourcecode.swift; path = UIViewController.swift; sourceTree = "<group>"; };
		952EF151206D2D4A0032983B /* Notification.swift */ = {isa = PBXFileReference; lastKnownFileType = sourcecode.swift; path = Notification.swift; sourceTree = "<group>"; };
		9530489F206210CA00EB5F3F /* PhotoInfoViewController.swift */ = {isa = PBXFileReference; lastKnownFileType = sourcecode.swift; path = PhotoInfoViewController.swift; sourceTree = "<group>"; };
		953048A120627C5B00EB5F3F /* FullImageViewController.swift */ = {isa = PBXFileReference; lastKnownFileType = sourcecode.swift; path = FullImageViewController.swift; sourceTree = "<group>"; };
		953048A32062845600EB5F3F /* PortraitViewController.swift */ = {isa = PBXFileReference; lastKnownFileType = sourcecode.swift; path = PortraitViewController.swift; sourceTree = "<group>"; };
		95431EF92060059800F8CD43 /* TabHeader.swift */ = {isa = PBXFileReference; lastKnownFileType = sourcecode.swift; path = TabHeader.swift; sourceTree = "<group>"; };
		95431EFC206005AC00F8CD43 /* TabHeader.xib */ = {isa = PBXFileReference; lastKnownFileType = file.xib; path = TabHeader.xib; sourceTree = "<group>"; };
		95431EFF206008A300F8CD43 /* ExploreSupplementaryView.swift */ = {isa = PBXFileReference; lastKnownFileType = sourcecode.swift; path = ExploreSupplementaryView.swift; sourceTree = "<group>"; };
		95431F01206008B300F8CD43 /* ExploreSupplementaryView.xib */ = {isa = PBXFileReference; lastKnownFileType = file.xib; path = ExploreSupplementaryView.xib; sourceTree = "<group>"; };
		95431F0320600A0000F8CD43 /* CustomView.swift */ = {isa = PBXFileReference; lastKnownFileType = sourcecode.swift; path = CustomView.swift; sourceTree = "<group>"; };
		954672B8204EAFE400035B94 /* FacebookLogin.swift */ = {isa = PBXFileReference; lastKnownFileType = sourcecode.swift; path = FacebookLogin.swift; sourceTree = "<group>"; };
		954672BA2050DF7800035B94 /* AuthViewController.swift */ = {isa = PBXFileReference; lastKnownFileType = sourcecode.swift; path = AuthViewController.swift; sourceTree = "<group>"; };
		955606A0205CE3BA007B3B17 /* OpenCameraViewControllerModal.swift */ = {isa = PBXFileReference; lastKnownFileType = sourcecode.swift; path = OpenCameraViewControllerModal.swift; sourceTree = "<group>"; };
		955606A9205CEBEC007B3B17 /* CameraShotButton.swift */ = {isa = PBXFileReference; lastKnownFileType = sourcecode.swift; path = CameraShotButton.swift; sourceTree = "<group>"; };
		955C3AF4204D95C40023FAF0 /* TextField.swift */ = {isa = PBXFileReference; lastKnownFileType = sourcecode.swift; path = TextField.swift; sourceTree = "<group>"; };
		955C3AF6204D96C00023FAF0 /* RoundedBorderButton.swift */ = {isa = PBXFileReference; lastKnownFileType = sourcecode.swift; path = RoundedBorderButton.swift; sourceTree = "<group>"; };
		95656930204C2BB3005F9F6B /* Lenscape.app */ = {isa = PBXFileReference; explicitFileType = wrapper.application; includeInIndex = 0; path = Lenscape.app; sourceTree = BUILT_PRODUCTS_DIR; };
		95656933204C2BB3005F9F6B /* AppDelegate.swift */ = {isa = PBXFileReference; lastKnownFileType = sourcecode.swift; path = AppDelegate.swift; sourceTree = "<group>"; };
		95656935204C2BB3005F9F6B /* SignInViewController.swift */ = {isa = PBXFileReference; lastKnownFileType = sourcecode.swift; path = SignInViewController.swift; sourceTree = "<group>"; };
		95656938204C2BB3005F9F6B /* Base */ = {isa = PBXFileReference; lastKnownFileType = file.storyboard; name = Base; path = Base.lproj/Main.storyboard; sourceTree = "<group>"; };
		9565693A204C2BB3005F9F6B /* Assets.xcassets */ = {isa = PBXFileReference; lastKnownFileType = folder.assetcatalog; path = Assets.xcassets; sourceTree = "<group>"; };
		9565693D204C2BB3005F9F6B /* Base */ = {isa = PBXFileReference; lastKnownFileType = file.storyboard; name = Base; path = Base.lproj/LaunchScreen.storyboard; sourceTree = "<group>"; };
		9565693F204C2BB3005F9F6B /* Info.plist */ = {isa = PBXFileReference; lastKnownFileType = text.plist.xml; path = Info.plist; sourceTree = "<group>"; };
		956F1703204EA69000CADB75 /* ExploreViewController.swift */ = {isa = PBXFileReference; lastKnownFileType = sourcecode.swift; path = ExploreViewController.swift; sourceTree = "<group>"; };
		956F1705204EAB0000CADB75 /* SignUpViewController.swift */ = {isa = PBXFileReference; lastKnownFileType = sourcecode.swift; path = SignUpViewController.swift; sourceTree = "<group>"; };
		957FA7D82056363C005F2E91 /* SeasoningScrollView.xib */ = {isa = PBXFileReference; lastKnownFileType = file.xib; path = SeasoningScrollView.xib; sourceTree = "<group>"; };
		957FA7DA20563644005F2E91 /* SeasoningScrollView.swift */ = {isa = PBXFileReference; lastKnownFileType = sourcecode.swift; path = SeasoningScrollView.swift; sourceTree = "<group>"; };
		957FA7DE20565E9C005F2E91 /* PhotoPostViewController.swift */ = {isa = PBXFileReference; lastKnownFileType = sourcecode.swift; path = PhotoPostViewController.swift; sourceTree = "<group>"; };
		9582DC2F205CC76800779E38 /* PhotoUploadingDelegate.swift */ = {isa = PBXFileReference; lastKnownFileType = sourcecode.swift; path = PhotoUploadingDelegate.swift; sourceTree = "<group>"; };
		9582DC31205CC86500779E38 /* PhotoUploader.swift */ = {isa = PBXFileReference; lastKnownFileType = sourcecode.swift; path = PhotoUploader.swift; sourceTree = "<group>"; };
		958B9212207380DB0061F26A /* flat-map-design.json */ = {isa = PBXFileReference; fileEncoding = 4; lastKnownFileType = text.json; path = "flat-map-design.json"; sourceTree = "<group>"; };
		958B9213207380DB0061F26A /* flat-pale-map-style.json */ = {isa = PBXFileReference; fileEncoding = 4; lastKnownFileType = text.json; path = "flat-pale-map-style.json"; sourceTree = "<group>"; };
		9595F06E2055712300A740E1 /* CircularScrollViewItem.xib */ = {isa = PBXFileReference; lastKnownFileType = file.xib; path = CircularScrollViewItem.xib; sourceTree = "<group>"; };
		9595F0702055714800A740E1 /* CircularScrollViewItem.swift */ = {isa = PBXFileReference; lastKnownFileType = sourcecode.swift; path = CircularScrollViewItem.swift; sourceTree = "<group>"; };
		9595F0732056103100A740E1 /* CircularInfiniteScroll.xib */ = {isa = PBXFileReference; lastKnownFileType = file.xib; path = CircularInfiniteScroll.xib; sourceTree = "<group>"; };
		9595F075205610FE00A740E1 /* CircularInfiniteScroll.swift */ = {isa = PBXFileReference; lastKnownFileType = sourcecode.swift; path = CircularInfiniteScroll.swift; sourceTree = "<group>"; };
		9597DE63205F7BB200B7E751 /* Image.swift */ = {isa = PBXFileReference; lastKnownFileType = sourcecode.swift; path = Image.swift; sourceTree = "<group>"; };
		95B7C1FB204E9DD100410A48 /* Dictionary.swift */ = {isa = PBXFileReference; lastKnownFileType = sourcecode.swift; path = Dictionary.swift; sourceTree = "<group>"; };
		95B8AB7B2051953C007480AA /* ProfileViewController.swift */ = {isa = PBXFileReference; lastKnownFileType = sourcecode.swift; path = ProfileViewController.swift; sourceTree = "<group>"; };
		95B8AB7D20519544007480AA /* TrendViewController.swift */ = {isa = PBXFileReference; lastKnownFileType = sourcecode.swift; path = TrendViewController.swift; sourceTree = "<group>"; };
		95B8AB7F2051954D007480AA /* FavoriteViewController.swift */ = {isa = PBXFileReference; lastKnownFileType = sourcecode.swift; path = FavoriteViewController.swift; sourceTree = "<group>"; };
		95B8AB8120523B9E007480AA /* MainTabBarController.swift */ = {isa = PBXFileReference; lastKnownFileType = sourcecode.swift; path = MainTabBarController.swift; sourceTree = "<group>"; };
		95C35BBC2071E1A500030B12 /* PhotoUploadInformationCard.xib */ = {isa = PBXFileReference; lastKnownFileType = file.xib; path = PhotoUploadInformationCard.xib; sourceTree = "<group>"; };
		95C35BBE2071E1B700030B12 /* PhotoUploadInformationCard.swift */ = {isa = PBXFileReference; lastKnownFileType = sourcecode.swift; path = PhotoUploadInformationCard.swift; sourceTree = "<group>"; };
		95C35BC2207215FE00030B12 /* Owner.swift */ = {isa = PBXFileReference; lastKnownFileType = sourcecode.swift; path = Owner.swift; sourceTree = "<group>"; };
		95C35BC4207232D100030B12 /* PhotoPreviewViewController.swift */ = {isa = PBXFileReference; lastKnownFileType = sourcecode.swift; path = PhotoPreviewViewController.swift; sourceTree = "<group>"; };
		95D43EA82064DA2400CB3517 /* PhotoInformationCard.xib */ = {isa = PBXFileReference; lastKnownFileType = file.xib; path = PhotoInformationCard.xib; sourceTree = "<group>"; };
		95D43EAA2064DAD500CB3517 /* PhotoInformationCard.swift */ = {isa = PBXFileReference; lastKnownFileType = sourcecode.swift; path = PhotoInformationCard.swift; sourceTree = "<group>"; };
		95DD8284206156F40073B097 /* CustomTabBar.swift */ = {isa = PBXFileReference; lastKnownFileType = sourcecode.swift; path = CustomTabBar.swift; sourceTree = "<group>"; };
		95E45147206DF2B7000E5046 /* Pagination.swift */ = {isa = PBXFileReference; lastKnownFileType = sourcecode.swift; path = Pagination.swift; sourceTree = "<group>"; };
		95F85EEF2062BB590059ACFB /* SettingsTableViewController.swift */ = {isa = PBXFileReference; fileEncoding = 4; lastKnownFileType = sourcecode.swift; path = SettingsTableViewController.swift; sourceTree = "<group>"; };
		95F85EF22063454E0059ACFB /* ImageCollectionViewCell.xib */ = {isa = PBXFileReference; lastKnownFileType = file.xib; path = ImageCollectionViewCell.xib; sourceTree = "<group>"; };
		95F85EF42063455F0059ACFB /* ImageCollectionViewCell.swift */ = {isa = PBXFileReference; lastKnownFileType = sourcecode.swift; path = ImageCollectionViewCell.swift; sourceTree = "<group>"; };
		95F85EF8206349690059ACFB /* UIGridCollectionViewDelegate.swift */ = {isa = PBXFileReference; lastKnownFileType = sourcecode.swift; path = UIGridCollectionViewDelegate.swift; sourceTree = "<group>"; };
		95F85EFA20634B950059ACFB /* UICollectionViewDelegateFlowLayout.swift */ = {isa = PBXFileReference; lastKnownFileType = sourcecode.swift; path = UICollectionViewDelegateFlowLayout.swift; sourceTree = "<group>"; };
		95F881402055248D003F61D4 /* UIButton.swift */ = {isa = PBXFileReference; lastKnownFileType = sourcecode.swift; path = UIButton.swift; sourceTree = "<group>"; };
		95F8814420555309003F61D4 /* GradientView.swift */ = {isa = PBXFileReference; lastKnownFileType = sourcecode.swift; path = GradientView.swift; sourceTree = "<group>"; };
		9DD7EF58BBD9E3A705AFBDCC /* Pods_Lenscape.framework */ = {isa = PBXFileReference; explicitFileType = wrapper.framework; includeInIndex = 0; path = Pods_Lenscape.framework; sourceTree = BUILT_PRODUCTS_DIR; };
		D0649138206CF013002ADF2C /* Lenscape-Bridging-Header.h */ = {isa = PBXFileReference; lastKnownFileType = sourcecode.c.h; path = "Lenscape-Bridging-Header.h"; sourceTree = "<group>"; };
		D0649139206CF014002ADF2C /* UIScrollView+EmptyDataSet.h */ = {isa = PBXFileReference; fileEncoding = 4; lastKnownFileType = sourcecode.c.h; path = "UIScrollView+EmptyDataSet.h"; sourceTree = "<group>"; };
		D064913A206CF014002ADF2C /* UIScrollView+EmptyDataSet.m */ = {isa = PBXFileReference; fileEncoding = 4; lastKnownFileType = sourcecode.c.objc; path = "UIScrollView+EmptyDataSet.m"; sourceTree = "<group>"; };
		D064919C206E8B5F002ADF2C /* POIItem.swift */ = {isa = PBXFileReference; lastKnownFileType = sourcecode.swift; path = POIItem.swift; sourceTree = "<group>"; };
		D0C97A82206A4D590054276F /* ValidationError.swift */ = {isa = PBXFileReference; lastKnownFileType = sourcecode.swift; path = ValidationError.swift; sourceTree = "<group>"; };
		D0ED74C02064156200F197C1 /* ProfileInfoView.xib */ = {isa = PBXFileReference; lastKnownFileType = file.xib; path = ProfileInfoView.xib; sourceTree = "<group>"; };
		D0ED74C2206415C100F197C1 /* ProfileInfoView.swift */ = {isa = PBXFileReference; lastKnownFileType = sourcecode.swift; path = ProfileInfoView.swift; sourceTree = "<group>"; };
		E14BB7371D2565B6C06EB7EA /* Pods-Lenscape.debug.xcconfig */ = {isa = PBXFileReference; includeInIndex = 1; lastKnownFileType = text.xcconfig; name = "Pods-Lenscape.debug.xcconfig"; path = "Pods/Target Support Files/Pods-Lenscape/Pods-Lenscape.debug.xcconfig"; sourceTree = "<group>"; };
/* End PBXFileReference section */

/* Begin PBXFrameworksBuildPhase section */
		9565692D204C2BB3005F9F6B /* Frameworks */ = {
			isa = PBXFrameworksBuildPhase;
			buildActionMask = 2147483647;
			files = (
				687686D0758CD9295E1F94F0 /* Pods_Lenscape.framework in Frameworks */,
			);
			runOnlyForDeploymentPostprocessing = 0;
		};
/* End PBXFrameworksBuildPhase section */

/* Begin PBXGroup section */
		95035879206F95BA00D424F4 /* QuadTree */ = {
			isa = PBXGroup;
			children = (
				9503587A206F95BA00D424F4 /* GQTPointQuadTree.m */,
				9503587B206F95BA00D424F4 /* GQTPointQuadTreeItem.h */,
				9503587C206F95BA00D424F4 /* GQTPointQuadTreeChild.m */,
				9503587D206F95BA00D424F4 /* GQTPoint.h */,
				9503587E206F95BA00D424F4 /* GQTPointQuadTree.h */,
				9503587F206F95BA00D424F4 /* GQTPointQuadTreeChild.h */,
				95035880206F95BA00D424F4 /* GQTBounds.h */,
			);
			path = QuadTree;
			sourceTree = "<group>";
		};
		95035881206F95BA00D424F4 /* Clustering */ = {
			isa = PBXGroup;
			children = (
				95035882206F95BA00D424F4 /* GMUClusterManager.m */,
				95035883206F95BA00D424F4 /* GMUStaticCluster.h */,
				95035884206F95BA00D424F4 /* GMUMarkerClustering.h */,
				95035885206F95BA00D424F4 /* Algo */,
				9503588F206F95BA00D424F4 /* GMUClusterManager.h */,
				95035890206F95BA00D424F4 /* GMUClusterManager+Testing.h */,
				95035891206F95BA00D424F4 /* View */,
				9503589A206F95BA00D424F4 /* GMUStaticCluster.m */,
				9503589B206F95BA00D424F4 /* GMUCluster.h */,
				9503589C206F95BA00D424F4 /* GMUClusterItem.h */,
			);
			path = Clustering;
			sourceTree = "<group>";
		};
		95035885206F95BA00D424F4 /* Algo */ = {
			isa = PBXGroup;
			children = (
				95035886206F95BA00D424F4 /* GMUGridBasedClusterAlgorithm.m */,
				95035887206F95BA00D424F4 /* GMUClusterAlgorithm.h */,
				95035888206F95BA00D424F4 /* GMUNonHierarchicalDistanceBasedAlgorithm.h */,
				95035889206F95BA00D424F4 /* GMUWrappingDictionaryKey.m */,
				9503588A206F95BA00D424F4 /* GMUSimpleClusterAlgorithm.m */,
				9503588B206F95BA00D424F4 /* GMUGridBasedClusterAlgorithm.h */,
				9503588C206F95BA00D424F4 /* GMUNonHierarchicalDistanceBasedAlgorithm.m */,
				9503588D206F95BA00D424F4 /* GMUSimpleClusterAlgorithm.h */,
				9503588E206F95BA00D424F4 /* GMUWrappingDictionaryKey.h */,
			);
			path = Algo;
			sourceTree = "<group>";
		};
		95035891206F95BA00D424F4 /* View */ = {
			isa = PBXGroup;
			children = (
				95035892206F95BA00D424F4 /* GMUClusterIconGenerator.h */,
				95035893206F95BA00D424F4 /* GMUClusterRenderer.h */,
				95035894206F95BA00D424F4 /* GMUDefaultClusterRenderer+Testing.h */,
				95035895206F95BA00D424F4 /* GMUDefaultClusterRenderer.m */,
				95035896206F95BA00D424F4 /* GMUDefaultClusterIconGenerator.h */,
				95035897206F95BA00D424F4 /* GMUDefaultClusterIconGenerator.m */,
				95035898206F95BA00D424F4 /* GMUDefaultClusterRenderer.h */,
				95035899206F95BA00D424F4 /* GMUDefaultClusterIconGenerator+Testing.h */,
			);
			path = View;
			sourceTree = "<group>";
		};
		9503589D206F95BA00D424F4 /* Geometry */ = {
			isa = PBXGroup;
			children = (
				9503589E206F95BA00D424F4 /* GMUKMLParser.m */,
				9503589F206F95BA00D424F4 /* GMUGeometryRenderer.m */,
				950358A0206F95BA00D424F4 /* GMUGeoJSONParser.h */,
				950358A1206F95BA00D424F4 /* Model */,
				950358B4206F95BA00D424F4 /* GMUKMLParser.h */,
				950358B5206F95BA00D424F4 /* GMUGeometryRenderer+Testing.h */,
				950358B6206F95BA00D424F4 /* GMUGeoJSONParser.m */,
				950358B7206F95BA00D424F4 /* GMUGeometryRenderer.h */,
			);
			path = Geometry;
			sourceTree = "<group>";
		};
		950358A1206F95BA00D424F4 /* Model */ = {
			isa = PBXGroup;
			children = (
				950358A2206F95BA00D424F4 /* GMUGeometryCollection.m */,
				950358A3206F95BA00D424F4 /* GMUPoint.h */,
				950358A4206F95BA00D424F4 /* GMUStyle.h */,
				950358A5206F95BA00D424F4 /* GMUPlacemark.m */,
				950358A6206F95BA00D424F4 /* GMUPolygon.m */,
				950358A7206F95BA00D424F4 /* GMUGeometryContainer.h */,
				950358A8206F95BA00D424F4 /* GMUFeature.m */,
				950358A9206F95BA00D424F4 /* GMULineString.h */,
				950358AA206F95BA00D424F4 /* GMUGroundOverlay.m */,
				950358AB206F95BA00D424F4 /* GMUStyle.m */,
				950358AC206F95BA00D424F4 /* GMUPoint.m */,
				950358AD206F95BA00D424F4 /* GMUGeometry.h */,
				950358AE206F95BA00D424F4 /* GMUGeometryCollection.h */,
				950358AF206F95BA00D424F4 /* GMUPolygon.h */,
				950358B0206F95BA00D424F4 /* GMUPlacemark.h */,
				950358B1206F95BA00D424F4 /* GMUGroundOverlay.h */,
				950358B2206F95BA00D424F4 /* GMULineString.m */,
				950358B3206F95BA00D424F4 /* GMUFeature.h */,
			);
			path = Model;
			sourceTree = "<group>";
		};
		950358B8206F95BA00D424F4 /* Heatmap */ = {
			isa = PBXGroup;
			children = (
				950358B9206F95BA00D424F4 /* GMUGradient.h */,
				950358BA206F95BA00D424F4 /* GMUWeightedLatLng.m */,
				950358BB206F95BA00D424F4 /* GMUHeatmapTileLayer.h */,
				950358BC206F95BA00D424F4 /* GMUWeightedLatLng.h */,
				950358BD206F95BA00D424F4 /* GMUGradient.m */,
				950358BE206F95BA00D424F4 /* GMUHeatmapTileLayer.m */,
			);
			path = Heatmap;
			sourceTree = "<group>";
		};
		950358DF2070C58200D424F4 /* Map Designs */ = {
			isa = PBXGroup;
			children = (
				958B9212207380DB0061F26A /* flat-map-design.json */,
				958B9213207380DB0061F26A /* flat-pale-map-style.json */,
			);
			path = "Map Designs";
			sourceTree = "<group>";
		};
		950358E82071146300D424F4 /* GoogleMapsPlaces */ = {
			isa = PBXGroup;
			children = (
				950358EA2071147800D424F4 /* GoogleDataProvider.swift */,
				950358E92071147800D424F4 /* GooglePlace.swift */,
			);
			path = GoogleMapsPlaces;
			sourceTree = "<group>";
		};
		95134E34204C2F0700121514 /* Utilities */ = {
			isa = PBXGroup;
			children = (
				950358E82071146300D424F4 /* GoogleMapsPlaces */,
				D064913D206E89C4002ADF2C /* GoogleMapsUtils */,
				9582DC2E205CC75100779E38 /* protocols */,
				95B7C1FA204E9DC800410A48 /* extensions */,
				95134E35204C2F1500121514 /* ApiManager.swift */,
				951FE8B7204C3C8C00FE6C10 /* Api.swift */,
				9582DC31205CC86500779E38 /* PhotoUploader.swift */,
				951FE8B9204C3C9400FE6C10 /* UserController.swift */,
				954672B8204EAFE400035B94 /* FacebookLogin.swift */,
				9504A15520677DB200FDF606 /* LocationManager.swift */,
				950358D720709FC600D424F4 /* CustomGMUClusterIconGenerator.swift */,
				950358D92070A2C200D424F4 /* CustomClusterRenderer.swift */,
				95108EF120541B760072AC48 /* Identifiers.swift */,
				D0C97A82206A4D590054276F /* ValidationError.swift */,
				D0649139206CF014002ADF2C /* UIScrollView+EmptyDataSet.h */,
				D064913A206CF014002ADF2C /* UIScrollView+EmptyDataSet.m */,
				D0649138206CF013002ADF2C /* Lenscape-Bridging-Header.h */,
			);
			path = Utilities;
			sourceTree = "<group>";
		};
		95431EFB2060059C00F8CD43 /* TabHeader */ = {
			isa = PBXGroup;
			children = (
				95431EF92060059800F8CD43 /* TabHeader.swift */,
				95431EFC206005AC00F8CD43 /* TabHeader.xib */,
			);
			path = TabHeader;
			sourceTree = "<group>";
		};
		95431EFE2060088300F8CD43 /* ExploreViewControllerComponents */ = {
			isa = PBXGroup;
			children = (
				95431EFF206008A300F8CD43 /* ExploreSupplementaryView.swift */,
				95431F01206008B300F8CD43 /* ExploreSupplementaryView.xib */,
			);
			path = ExploreViewControllerComponents;
			sourceTree = "<group>";
		};
		955C3AF1204D95890023FAF0 /* Components */ = {
			isa = PBXGroup;
			children = (
				95C35BBB2071E19000030B12 /* PhotoUploadInformationCard */,
				95D43EA72064DA0A00CB3517 /* PhotoInformationCard */,
				D0ED74BF2064151D00F197C1 /* UserProfile */,
				95F85EF12063453A0059ACFB /* ImageCollectionViewCell */,
				95431EFE2060088300F8CD43 /* ExploreViewControllerComponents */,
				95431EFB2060059C00F8CD43 /* TabHeader */,
				957FA7D720563621005F2E91 /* SeasoningScrollView */,
				9595F0722056101E00A740E1 /* CircularInfiniteScroll */,
				9595F06D2055711200A740E1 /* CircularScrollView */,
				955C3AF4204D95C40023FAF0 /* TextField.swift */,
				95F8814420555309003F61D4 /* GradientView.swift */,
				95431F0320600A0000F8CD43 /* CustomView.swift */,
				955606A9205CEBEC007B3B17 /* CameraShotButton.swift */,
				95DD8284206156F40073B097 /* CustomTabBar.swift */,
				9518DBB92052E1E000F0BE1B /* ShadowView.swift */,
				9518DBBB2052E3F500F0BE1B /* EnhancedUIImageView.swift */,
				955C3AF6204D96C00023FAF0 /* RoundedBorderButton.swift */,
			);
			path = Components;
			sourceTree = "<group>";
		};
		95656927204C2BB3005F9F6B = {
			isa = PBXGroup;
			children = (
				95656932204C2BB3005F9F6B /* Lenscape */,
				95656931204C2BB3005F9F6B /* Products */,
				C3071B4FD2F74943FFAEE3BE /* Pods */,
				C71DA78D31E30C6CE0EBF63F /* Frameworks */,
			);
			sourceTree = "<group>";
		};
		95656931204C2BB3005F9F6B /* Products */ = {
			isa = PBXGroup;
			children = (
				95656930204C2BB3005F9F6B /* Lenscape.app */,
			);
			name = Products;
			sourceTree = "<group>";
		};
		95656932204C2BB3005F9F6B /* Lenscape */ = {
			isa = PBXGroup;
			children = (
				950358DF2070C58200D424F4 /* Map Designs */,
				9597DE62205F7B8700B7E751 /* DataModels */,
				956F1702204EA63600CADB75 /* ViewControllers */,
				955C3AF1204D95890023FAF0 /* Components */,
				95656933204C2BB3005F9F6B /* AppDelegate.swift */,
				95134E34204C2F0700121514 /* Utilities */,
				95656937204C2BB3005F9F6B /* Main.storyboard */,
				9565693A204C2BB3005F9F6B /* Assets.xcassets */,
				9565693C204C2BB3005F9F6B /* LaunchScreen.storyboard */,
				9565693F204C2BB3005F9F6B /* Info.plist */,
			);
			path = Lenscape;
			sourceTree = "<group>";
		};
		956F1702204EA63600CADB75 /* ViewControllers */ = {
			isa = PBXGroup;
			children = (
				95656935204C2BB3005F9F6B /* SignInViewController.swift */,
				95C35BC4207232D100030B12 /* PhotoPreviewViewController.swift */,
				95B8AB7D20519544007480AA /* TrendViewController.swift */,
				95B8AB7F2051954D007480AA /* FavoriteViewController.swift */,
				95F85EEF2062BB590059ACFB /* SettingsTableViewController.swift */,
				95B8AB8120523B9E007480AA /* MainTabBarController.swift */,
				956F1703204EA69000CADB75 /* ExploreViewController.swift */,
				95B8AB7B2051953C007480AA /* ProfileViewController.swift */,
				95028D172061FBF600222BFA /* ExplorePageViewController.swift */,
				9530489F206210CA00EB5F3F /* PhotoInfoViewController.swift */,
				955606A0205CE3BA007B3B17 /* OpenCameraViewControllerModal.swift */,
				957FA7DE20565E9C005F2E91 /* PhotoPostViewController.swift */,
				953048A32062845600EB5F3F /* PortraitViewController.swift */,
				953048A120627C5B00EB5F3F /* FullImageViewController.swift */,
				9518DBB72052DE0A00F0BE1B /* ExploreMapViewController.swift */,
				956F1705204EAB0000CADB75 /* SignUpViewController.swift */,
				954672BA2050DF7800035B94 /* AuthViewController.swift */,
			);
			path = ViewControllers;
			sourceTree = "<group>";
		};
		957FA7D720563621005F2E91 /* SeasoningScrollView */ = {
			isa = PBXGroup;
			children = (
				957FA7D82056363C005F2E91 /* SeasoningScrollView.xib */,
				957FA7DA20563644005F2E91 /* SeasoningScrollView.swift */,
			);
			name = SeasoningScrollView;
			path = "New Group";
			sourceTree = "<group>";
		};
		9582DC2E205CC75100779E38 /* protocols */ = {
			isa = PBXGroup;
			children = (
				9582DC2F205CC76800779E38 /* PhotoUploadingDelegate.swift */,
				95F85EF8206349690059ACFB /* UIGridCollectionViewDelegate.swift */,
				952EF14D206D2A960032983B /* LocationDelegate.swift */,
			);
			path = protocols;
			sourceTree = "<group>";
		};
		9595F06D2055711200A740E1 /* CircularScrollView */ = {
			isa = PBXGroup;
			children = (
				9595F06E2055712300A740E1 /* CircularScrollViewItem.xib */,
				9595F0702055714800A740E1 /* CircularScrollViewItem.swift */,
			);
			path = CircularScrollView;
			sourceTree = "<group>";
		};
		9595F0722056101E00A740E1 /* CircularInfiniteScroll */ = {
			isa = PBXGroup;
			children = (
				9595F0732056103100A740E1 /* CircularInfiniteScroll.xib */,
				9595F075205610FE00A740E1 /* CircularInfiniteScroll.swift */,
			);
			path = CircularInfiniteScroll;
			sourceTree = "<group>";
		};
		9597DE62205F7B8700B7E751 /* DataModels */ = {
			isa = PBXGroup;
			children = (
				9597DE63205F7BB200B7E751 /* Image.swift */,
				95E45147206DF2B7000E5046 /* Pagination.swift */,
				95C35BC2207215FE00030B12 /* Owner.swift */,
				9504A15320677CBB00FDF606 /* Location.swift */,
				D064919C206E8B5F002ADF2C /* POIItem.swift */,
			);
			path = DataModels;
			sourceTree = "<group>";
		};
		95B7C1FA204E9DC800410A48 /* extensions */ = {
			isa = PBXGroup;
			children = (
				95B7C1FB204E9DD100410A48 /* Dictionary.swift */,
				95108EF32054247A0072AC48 /* Error.swift */,
				95F85EFA20634B950059ACFB /* UICollectionViewDelegateFlowLayout.swift */,
				95F881402055248D003F61D4 /* UIButton.swift */,
				952EF14F206D2BEF0032983B /* UIViewController.swift */,
				952EF151206D2D4A0032983B /* Notification.swift */,
			);
			path = extensions;
			sourceTree = "<group>";
		};
		95C35BBB2071E19000030B12 /* PhotoUploadInformationCard */ = {
			isa = PBXGroup;
			children = (
				95C35BBC2071E1A500030B12 /* PhotoUploadInformationCard.xib */,
				95C35BBE2071E1B700030B12 /* PhotoUploadInformationCard.swift */,
			);
			path = PhotoUploadInformationCard;
			sourceTree = "<group>";
		};
		95D43EA72064DA0A00CB3517 /* PhotoInformationCard */ = {
			isa = PBXGroup;
			children = (
				95D43EA82064DA2400CB3517 /* PhotoInformationCard.xib */,
				95D43EAA2064DAD500CB3517 /* PhotoInformationCard.swift */,
			);
			path = PhotoInformationCard;
			sourceTree = "<group>";
		};
		95F85EF12063453A0059ACFB /* ImageCollectionViewCell */ = {
			isa = PBXGroup;
			children = (
				95F85EF22063454E0059ACFB /* ImageCollectionViewCell.xib */,
				95F85EF42063455F0059ACFB /* ImageCollectionViewCell.swift */,
			);
			path = ImageCollectionViewCell;
			sourceTree = "<group>";
		};
		C3071B4FD2F74943FFAEE3BE /* Pods */ = {
			isa = PBXGroup;
			children = (
				E14BB7371D2565B6C06EB7EA /* Pods-Lenscape.debug.xcconfig */,
				5362A6BF6BD12409D463E8E5 /* Pods-Lenscape.release.xcconfig */,
			);
			name = Pods;
			sourceTree = "<group>";
		};
		C71DA78D31E30C6CE0EBF63F /* Frameworks */ = {
			isa = PBXGroup;
			children = (
				9DD7EF58BBD9E3A705AFBDCC /* Pods_Lenscape.framework */,
			);
			name = Frameworks;
			sourceTree = "<group>";
		};
		D064913D206E89C4002ADF2C /* GoogleMapsUtils */ = {
			isa = PBXGroup;
			children = (
				95035881206F95BA00D424F4 /* Clustering */,
				9503589D206F95BA00D424F4 /* Geometry */,
				950358B8206F95BA00D424F4 /* Heatmap */,
				95035879206F95BA00D424F4 /* QuadTree */,
			);
			path = GoogleMapsUtils;
			sourceTree = "<group>";
		};
		D0ED74BF2064151D00F197C1 /* UserProfile */ = {
			isa = PBXGroup;
			children = (
				D0ED74C02064156200F197C1 /* ProfileInfoView.xib */,
				D0ED74C2206415C100F197C1 /* ProfileInfoView.swift */,
			);
			path = UserProfile;
			sourceTree = "<group>";
		};
/* End PBXGroup section */

/* Begin PBXNativeTarget section */
		9565692F204C2BB3005F9F6B /* Lenscape */ = {
			isa = PBXNativeTarget;
			buildConfigurationList = 95656942204C2BB3005F9F6B /* Build configuration list for PBXNativeTarget "Lenscape" */;
			buildPhases = (
				A3AF88432D35D65721A415E1 /* [CP] Check Pods Manifest.lock */,
				9565692C204C2BB3005F9F6B /* Sources */,
				9565692D204C2BB3005F9F6B /* Frameworks */,
				9565692E204C2BB3005F9F6B /* Resources */,
				0BB466C2C588B8D947AEB59C /* [CP] Embed Pods Frameworks */,
				403C2CD3429E5F237BB6C2D5 /* [CP] Copy Pods Resources */,
			);
			buildRules = (
			);
			dependencies = (
			);
			name = Lenscape;
			productName = Lenscape;
			productReference = 95656930204C2BB3005F9F6B /* Lenscape.app */;
			productType = "com.apple.product-type.application";
		};
/* End PBXNativeTarget section */

/* Begin PBXProject section */
		95656928204C2BB3005F9F6B /* Project object */ = {
			isa = PBXProject;
			attributes = {
				LastSwiftUpdateCheck = 0920;
				LastUpgradeCheck = 0920;
				ORGANIZATIONNAME = Lenscape;
				TargetAttributes = {
					9565692F204C2BB3005F9F6B = {
						CreatedOnToolsVersion = 9.2;
						LastSwiftMigration = 0920;
						ProvisioningStyle = Automatic;
					};
				};
			};
			buildConfigurationList = 9565692B204C2BB3005F9F6B /* Build configuration list for PBXProject "Lenscape" */;
			compatibilityVersion = "Xcode 8.0";
			developmentRegion = en;
			hasScannedForEncodings = 0;
			knownRegions = (
				en,
				Base,
			);
			mainGroup = 95656927204C2BB3005F9F6B;
			productRefGroup = 95656931204C2BB3005F9F6B /* Products */;
			projectDirPath = "";
			projectRoot = "";
			targets = (
				9565692F204C2BB3005F9F6B /* Lenscape */,
			);
		};
/* End PBXProject section */

/* Begin PBXResourcesBuildPhase section */
		9565692E204C2BB3005F9F6B /* Resources */ = {
			isa = PBXResourcesBuildPhase;
			buildActionMask = 2147483647;
			files = (
				9595F06F2055712300A740E1 /* CircularScrollViewItem.xib in Resources */,
				9565693E204C2BB3005F9F6B /* LaunchScreen.storyboard in Resources */,
				95431F02206008B300F8CD43 /* ExploreSupplementaryView.xib in Resources */,
				958B9215207380DB0061F26A /* flat-pale-map-style.json in Resources */,
				9565693B204C2BB3005F9F6B /* Assets.xcassets in Resources */,
				95656939204C2BB3005F9F6B /* Main.storyboard in Resources */,
				95C35BBD2071E1A500030B12 /* PhotoUploadInformationCard.xib in Resources */,
				95D43EA92064DA2400CB3517 /* PhotoInformationCard.xib in Resources */,
				9595F0742056103100A740E1 /* CircularInfiniteScroll.xib in Resources */,
				958B9214207380DB0061F26A /* flat-map-design.json in Resources */,
				D0ED74C12064156200F197C1 /* ProfileInfoView.xib in Resources */,
				957FA7D92056363C005F2E91 /* SeasoningScrollView.xib in Resources */,
				95F85EF32063454E0059ACFB /* ImageCollectionViewCell.xib in Resources */,
				95431EFD206005AC00F8CD43 /* TabHeader.xib in Resources */,
			);
			runOnlyForDeploymentPostprocessing = 0;
		};
/* End PBXResourcesBuildPhase section */

/* Begin PBXShellScriptBuildPhase section */
		0BB466C2C588B8D947AEB59C /* [CP] Embed Pods Frameworks */ = {
			isa = PBXShellScriptBuildPhase;
			buildActionMask = 2147483647;
			files = (
			);
			inputPaths = (
				"${SRCROOT}/Pods/Target Support Files/Pods-Lenscape/Pods-Lenscape-frameworks.sh",
				"${BUILT_PRODUCTS_DIR}/Alamofire/Alamofire.framework",
				"${BUILT_PRODUCTS_DIR}/Bolts/Bolts.framework",
				"${BUILT_PRODUCTS_DIR}/FBSDKCoreKit/FBSDKCoreKit.framework",
				"${BUILT_PRODUCTS_DIR}/FBSDKLoginKit/FBSDKLoginKit.framework",
				"${BUILT_PRODUCTS_DIR}/FacebookCore/FacebookCore.framework",
				"${BUILT_PRODUCTS_DIR}/FacebookLogin/FacebookLogin.framework",
				"${BUILT_PRODUCTS_DIR}/Hero/Hero.framework",
				"${BUILT_PRODUCTS_DIR}/Kingfisher/Kingfisher.framework",
				"${BUILT_PRODUCTS_DIR}/PromiseKit/PromiseKit.framework",
				"${BUILT_PRODUCTS_DIR}/SwiftCarousel/SwiftCarousel.framework",
				"${BUILT_PRODUCTS_DIR}/SwiftyJSON/SwiftyJSON.framework",
				"${BUILT_PRODUCTS_DIR}/Validator/Validator.framework",
			);
			name = "[CP] Embed Pods Frameworks";
			outputPaths = (
				"${TARGET_BUILD_DIR}/${FRAMEWORKS_FOLDER_PATH}/Alamofire.framework",
				"${TARGET_BUILD_DIR}/${FRAMEWORKS_FOLDER_PATH}/Bolts.framework",
				"${TARGET_BUILD_DIR}/${FRAMEWORKS_FOLDER_PATH}/FBSDKCoreKit.framework",
				"${TARGET_BUILD_DIR}/${FRAMEWORKS_FOLDER_PATH}/FBSDKLoginKit.framework",
				"${TARGET_BUILD_DIR}/${FRAMEWORKS_FOLDER_PATH}/FacebookCore.framework",
				"${TARGET_BUILD_DIR}/${FRAMEWORKS_FOLDER_PATH}/FacebookLogin.framework",
				"${TARGET_BUILD_DIR}/${FRAMEWORKS_FOLDER_PATH}/Hero.framework",
				"${TARGET_BUILD_DIR}/${FRAMEWORKS_FOLDER_PATH}/Kingfisher.framework",
				"${TARGET_BUILD_DIR}/${FRAMEWORKS_FOLDER_PATH}/PromiseKit.framework",
				"${TARGET_BUILD_DIR}/${FRAMEWORKS_FOLDER_PATH}/SwiftCarousel.framework",
				"${TARGET_BUILD_DIR}/${FRAMEWORKS_FOLDER_PATH}/SwiftyJSON.framework",
				"${TARGET_BUILD_DIR}/${FRAMEWORKS_FOLDER_PATH}/Validator.framework",
			);
			runOnlyForDeploymentPostprocessing = 0;
			shellPath = /bin/sh;
			shellScript = "\"${SRCROOT}/Pods/Target Support Files/Pods-Lenscape/Pods-Lenscape-frameworks.sh\"\n";
			showEnvVarsInLog = 0;
		};
		403C2CD3429E5F237BB6C2D5 /* [CP] Copy Pods Resources */ = {
			isa = PBXShellScriptBuildPhase;
			buildActionMask = 2147483647;
			files = (
			);
			inputPaths = (
				"${SRCROOT}/Pods/Target Support Files/Pods-Lenscape/Pods-Lenscape-resources.sh",
				"${PODS_ROOT}/GoogleMaps/Maps/Frameworks/GoogleMaps.framework/Resources/GoogleMaps.bundle",
				"${PODS_ROOT}/GooglePlaces/Frameworks/GooglePlaces.framework/Resources/GooglePlaces.bundle",
			);
			name = "[CP] Copy Pods Resources";
			outputPaths = (
				"${TARGET_BUILD_DIR}/${UNLOCALIZED_RESOURCES_FOLDER_PATH}/GoogleMaps.bundle",
				"${TARGET_BUILD_DIR}/${UNLOCALIZED_RESOURCES_FOLDER_PATH}/GooglePlaces.bundle",
			);
			runOnlyForDeploymentPostprocessing = 0;
			shellPath = /bin/sh;
			shellScript = "\"${SRCROOT}/Pods/Target Support Files/Pods-Lenscape/Pods-Lenscape-resources.sh\"\n";
			showEnvVarsInLog = 0;
		};
		A3AF88432D35D65721A415E1 /* [CP] Check Pods Manifest.lock */ = {
			isa = PBXShellScriptBuildPhase;
			buildActionMask = 2147483647;
			files = (
			);
			inputPaths = (
				"${PODS_PODFILE_DIR_PATH}/Podfile.lock",
				"${PODS_ROOT}/Manifest.lock",
			);
			name = "[CP] Check Pods Manifest.lock";
			outputPaths = (
				"$(DERIVED_FILE_DIR)/Pods-Lenscape-checkManifestLockResult.txt",
			);
			runOnlyForDeploymentPostprocessing = 0;
			shellPath = /bin/sh;
			shellScript = "diff \"${PODS_PODFILE_DIR_PATH}/Podfile.lock\" \"${PODS_ROOT}/Manifest.lock\" > /dev/null\nif [ $? != 0 ] ; then\n    # print error to STDERR\n    echo \"error: The sandbox is not in sync with the Podfile.lock. Run 'pod install' or update your CocoaPods installation.\" >&2\n    exit 1\nfi\n# This output is used by Xcode 'outputs' to avoid re-running this script phase.\necho \"SUCCESS\" > \"${SCRIPT_OUTPUT_FILE_0}\"\n";
			showEnvVarsInLog = 0;
		};
/* End PBXShellScriptBuildPhase section */

/* Begin PBXSourcesBuildPhase section */
		9565692C204C2BB3005F9F6B /* Sources */ = {
			isa = PBXSourcesBuildPhase;
			buildActionMask = 2147483647;
			files = (
				9518DBBC2052E3F500F0BE1B /* EnhancedUIImageView.swift in Sources */,
				95F8814520555309003F61D4 /* GradientView.swift in Sources */,
				D0C97A83206A4D590054276F /* ValidationError.swift in Sources */,
				9518DBBA2052E1E000F0BE1B /* ShadowView.swift in Sources */,
				D064913B206CF015002ADF2C /* UIScrollView+EmptyDataSet.m in Sources */,
				950358C5206F95BB00D424F4 /* GMUNonHierarchicalDistanceBasedAlgorithm.m in Sources */,
				9595F076205610FE00A740E1 /* CircularInfiniteScroll.swift in Sources */,
				950358C2206F95BB00D424F4 /* GMUGridBasedClusterAlgorithm.m in Sources */,
				950358D6206F95BB00D424F4 /* GMUHeatmapTileLayer.m in Sources */,
				950358D820709FC600D424F4 /* CustomGMUClusterIconGenerator.swift in Sources */,
				950358DA2070A2C200D424F4 /* CustomClusterRenderer.swift in Sources */,
				95656936204C2BB3005F9F6B /* SignInViewController.swift in Sources */,
				95431F0420600A0000F8CD43 /* CustomView.swift in Sources */,
				950358D4206F95BB00D424F4 /* GMUWeightedLatLng.m in Sources */,
				956F1704204EA69000CADB75 /* ExploreViewController.swift in Sources */,
				952EF150206D2BEF0032983B /* UIViewController.swift in Sources */,
				9595F0712055714800A740E1 /* CircularScrollViewItem.swift in Sources */,
				955606A1205CE3BA007B3B17 /* OpenCameraViewControllerModal.swift in Sources */,
				9504A15420677CBB00FDF606 /* Location.swift in Sources */,
				95B8AB7C2051953C007480AA /* ProfileViewController.swift in Sources */,
				956F1706204EAB0000CADB75 /* SignUpViewController.swift in Sources */,
				955606AA205CEBEC007B3B17 /* CameraShotButton.swift in Sources */,
				950358CF206F95BB00D424F4 /* GMUGroundOverlay.m in Sources */,
				95F85EFB20634B950059ACFB /* UICollectionViewDelegateFlowLayout.swift in Sources */,
				95B7C1FC204E9DD100410A48 /* Dictionary.swift in Sources */,
				950358EC2071147800D424F4 /* GoogleDataProvider.swift in Sources */,
				95DD8285206156F40073B097 /* CustomTabBar.swift in Sources */,
				950358EB2071147800D424F4 /* GooglePlace.swift in Sources */,
				95B8AB802051954D007480AA /* FavoriteViewController.swift in Sources */,
				950358D0206F95BB00D424F4 /* GMUStyle.m in Sources */,
				954672BB2050DF7800035B94 /* AuthViewController.swift in Sources */,
				952EF152206D2D4A0032983B /* Notification.swift in Sources */,
				95B8AB7E20519544007480AA /* TrendViewController.swift in Sources */,
				957FA7DB20563644005F2E91 /* SeasoningScrollView.swift in Sources */,
				950358CC206F95BB00D424F4 /* GMUPlacemark.m in Sources */,
				9504A15620677DB200FDF606 /* LocationManager.swift in Sources */,
				9582DC32205CC86500779E38 /* PhotoUploader.swift in Sources */,
				95C35BC3207215FE00030B12 /* Owner.swift in Sources */,
				953048A0206210CA00EB5F3F /* PhotoInfoViewController.swift in Sources */,
				954672B9204EAFE400035B94 /* FacebookLogin.swift in Sources */,
				95D43EAB2064DAD500CB3517 /* PhotoInformationCard.swift in Sources */,
				950358D1206F95BB00D424F4 /* GMUPoint.m in Sources */,
				95134E36204C2F1500121514 /* ApiManager.swift in Sources */,
				950358C8206F95BB00D424F4 /* GMUStaticCluster.m in Sources */,
				95B8AB8220523B9E007480AA /* MainTabBarController.swift in Sources */,
				950358D5206F95BB00D424F4 /* GMUGradient.m in Sources */,
				953048A42062845600EB5F3F /* PortraitViewController.swift in Sources */,
				95E45148206DF2B7000E5046 /* Pagination.swift in Sources */,
				951FE8BA204C3C9400FE6C10 /* UserController.swift in Sources */,
				957FA7DF20565E9C005F2E91 /* PhotoPostViewController.swift in Sources */,
				950358BF206F95BB00D424F4 /* GQTPointQuadTree.m in Sources */,
				955C3AF5204D95C40023FAF0 /* TextField.swift in Sources */,
				951FE8B8204C3C8C00FE6C10 /* Api.swift in Sources */,
				95431EFA2060059800F8CD43 /* TabHeader.swift in Sources */,
				950358C6206F95BB00D424F4 /* GMUDefaultClusterRenderer.m in Sources */,
				950358C0206F95BB00D424F4 /* GQTPointQuadTreeChild.m in Sources */,
				950358CA206F95BB00D424F4 /* GMUGeometryRenderer.m in Sources */,
				95656934204C2BB3005F9F6B /* AppDelegate.swift in Sources */,
				950358C4206F95BB00D424F4 /* GMUSimpleClusterAlgorithm.m in Sources */,
				953048A220627C5C00EB5F3F /* FullImageViewController.swift in Sources */,
				955C3AF7204D96C00023FAF0 /* RoundedBorderButton.swift in Sources */,
				950358CE206F95BB00D424F4 /* GMUFeature.m in Sources */,
				950358CD206F95BB00D424F4 /* GMUPolygon.m in Sources */,
				950358C1206F95BB00D424F4 /* GMUClusterManager.m in Sources */,
				D064919D206E8B5F002ADF2C /* POIItem.swift in Sources */,
				95F85EF52063455F0059ACFB /* ImageCollectionViewCell.swift in Sources */,
				95F85EF02062BB590059ACFB /* SettingsTableViewController.swift in Sources */,
				950358D3206F95BB00D424F4 /* GMUGeoJSONParser.m in Sources */,
				9582DC30205CC76800779E38 /* PhotoUploadingDelegate.swift in Sources */,
				95F85EF9206349690059ACFB /* UIGridCollectionViewDelegate.swift in Sources */,
				950358C7206F95BB00D424F4 /* GMUDefaultClusterIconGenerator.m in Sources */,
				95431F00206008A300F8CD43 /* ExploreSupplementaryView.swift in Sources */,
				95108EF220541B760072AC48 /* Identifiers.swift in Sources */,
				D0ED74C3206415C100F197C1 /* ProfileInfoView.swift in Sources */,
				950358C3206F95BB00D424F4 /* GMUWrappingDictionaryKey.m in Sources */,
				95F881412055248E003F61D4 /* UIButton.swift in Sources */,
				95C35BC5207232D100030B12 /* PhotoPreviewViewController.swift in Sources */,
				95108EF42054247A0072AC48 /* Error.swift in Sources */,
				95028D182061FBF600222BFA /* ExplorePageViewController.swift in Sources */,
				9597DE64205F7BB200B7E751 /* Image.swift in Sources */,
				950358CB206F95BB00D424F4 /* GMUGeometryCollection.m in Sources */,
				9518DBB82052DE0A00F0BE1B /* ExploreMapViewController.swift in Sources */,
				950358D2206F95BB00D424F4 /* GMULineString.m in Sources */,
				95C35BBF2071E1B700030B12 /* PhotoUploadInformationCard.swift in Sources */,
				950358C9206F95BB00D424F4 /* GMUKMLParser.m in Sources */,
			);
			runOnlyForDeploymentPostprocessing = 0;
		};
/* End PBXSourcesBuildPhase section */

/* Begin PBXVariantGroup section */
		95656937204C2BB3005F9F6B /* Main.storyboard */ = {
			isa = PBXVariantGroup;
			children = (
				95656938204C2BB3005F9F6B /* Base */,
			);
			name = Main.storyboard;
			sourceTree = "<group>";
		};
		9565693C204C2BB3005F9F6B /* LaunchScreen.storyboard */ = {
			isa = PBXVariantGroup;
			children = (
				9565693D204C2BB3005F9F6B /* Base */,
			);
			name = LaunchScreen.storyboard;
			sourceTree = "<group>";
		};
/* End PBXVariantGroup section */

/* Begin XCBuildConfiguration section */
		95656940204C2BB3005F9F6B /* Debug */ = {
			isa = XCBuildConfiguration;
			buildSettings = {
				ALWAYS_SEARCH_USER_PATHS = NO;
				CLANG_ANALYZER_NONNULL = YES;
				CLANG_ANALYZER_NUMBER_OBJECT_CONVERSION = YES_AGGRESSIVE;
				CLANG_CXX_LANGUAGE_STANDARD = "gnu++14";
				CLANG_CXX_LIBRARY = "libc++";
				CLANG_ENABLE_MODULES = YES;
				CLANG_ENABLE_OBJC_ARC = YES;
				CLANG_WARN_BLOCK_CAPTURE_AUTORELEASING = YES;
				CLANG_WARN_BOOL_CONVERSION = YES;
				CLANG_WARN_COMMA = YES;
				CLANG_WARN_CONSTANT_CONVERSION = YES;
				CLANG_WARN_DIRECT_OBJC_ISA_USAGE = YES_ERROR;
				CLANG_WARN_DOCUMENTATION_COMMENTS = YES;
				CLANG_WARN_EMPTY_BODY = YES;
				CLANG_WARN_ENUM_CONVERSION = YES;
				CLANG_WARN_INFINITE_RECURSION = YES;
				CLANG_WARN_INT_CONVERSION = YES;
				CLANG_WARN_NON_LITERAL_NULL_CONVERSION = YES;
				CLANG_WARN_OBJC_LITERAL_CONVERSION = YES;
				CLANG_WARN_OBJC_ROOT_CLASS = YES_ERROR;
				CLANG_WARN_RANGE_LOOP_ANALYSIS = YES;
				CLANG_WARN_STRICT_PROTOTYPES = YES;
				CLANG_WARN_SUSPICIOUS_MOVE = YES;
				CLANG_WARN_UNGUARDED_AVAILABILITY = YES_AGGRESSIVE;
				CLANG_WARN_UNREACHABLE_CODE = YES;
				CLANG_WARN__DUPLICATE_METHOD_MATCH = YES;
				CODE_SIGN_IDENTITY = "iPhone Developer";
				COPY_PHASE_STRIP = NO;
				DEBUG_INFORMATION_FORMAT = dwarf;
				ENABLE_STRICT_OBJC_MSGSEND = YES;
				ENABLE_TESTABILITY = YES;
				GCC_C_LANGUAGE_STANDARD = gnu11;
				GCC_DYNAMIC_NO_PIC = NO;
				GCC_NO_COMMON_BLOCKS = YES;
				GCC_OPTIMIZATION_LEVEL = 0;
				GCC_PREPROCESSOR_DEFINITIONS = (
					"DEBUG=1",
					"$(inherited)",
				);
				GCC_WARN_64_TO_32_BIT_CONVERSION = YES;
				GCC_WARN_ABOUT_RETURN_TYPE = YES_ERROR;
				GCC_WARN_UNDECLARED_SELECTOR = YES;
				GCC_WARN_UNINITIALIZED_AUTOS = YES_AGGRESSIVE;
				GCC_WARN_UNUSED_FUNCTION = YES;
				GCC_WARN_UNUSED_VARIABLE = YES;
				IPHONEOS_DEPLOYMENT_TARGET = 11.2;
				MTL_ENABLE_DEBUG_INFO = YES;
				ONLY_ACTIVE_ARCH = YES;
				SDKROOT = iphoneos;
				SWIFT_ACTIVE_COMPILATION_CONDITIONS = DEBUG;
				SWIFT_OPTIMIZATION_LEVEL = "-Onone";
			};
			name = Debug;
		};
		95656941204C2BB3005F9F6B /* Release */ = {
			isa = XCBuildConfiguration;
			buildSettings = {
				ALWAYS_SEARCH_USER_PATHS = NO;
				CLANG_ANALYZER_NONNULL = YES;
				CLANG_ANALYZER_NUMBER_OBJECT_CONVERSION = YES_AGGRESSIVE;
				CLANG_CXX_LANGUAGE_STANDARD = "gnu++14";
				CLANG_CXX_LIBRARY = "libc++";
				CLANG_ENABLE_MODULES = YES;
				CLANG_ENABLE_OBJC_ARC = YES;
				CLANG_WARN_BLOCK_CAPTURE_AUTORELEASING = YES;
				CLANG_WARN_BOOL_CONVERSION = YES;
				CLANG_WARN_COMMA = YES;
				CLANG_WARN_CONSTANT_CONVERSION = YES;
				CLANG_WARN_DIRECT_OBJC_ISA_USAGE = YES_ERROR;
				CLANG_WARN_DOCUMENTATION_COMMENTS = YES;
				CLANG_WARN_EMPTY_BODY = YES;
				CLANG_WARN_ENUM_CONVERSION = YES;
				CLANG_WARN_INFINITE_RECURSION = YES;
				CLANG_WARN_INT_CONVERSION = YES;
				CLANG_WARN_NON_LITERAL_NULL_CONVERSION = YES;
				CLANG_WARN_OBJC_LITERAL_CONVERSION = YES;
				CLANG_WARN_OBJC_ROOT_CLASS = YES_ERROR;
				CLANG_WARN_RANGE_LOOP_ANALYSIS = YES;
				CLANG_WARN_STRICT_PROTOTYPES = YES;
				CLANG_WARN_SUSPICIOUS_MOVE = YES;
				CLANG_WARN_UNGUARDED_AVAILABILITY = YES_AGGRESSIVE;
				CLANG_WARN_UNREACHABLE_CODE = YES;
				CLANG_WARN__DUPLICATE_METHOD_MATCH = YES;
				CODE_SIGN_IDENTITY = "iPhone Developer";
				COPY_PHASE_STRIP = NO;
				DEBUG_INFORMATION_FORMAT = "dwarf-with-dsym";
				ENABLE_NS_ASSERTIONS = NO;
				ENABLE_STRICT_OBJC_MSGSEND = YES;
				GCC_C_LANGUAGE_STANDARD = gnu11;
				GCC_NO_COMMON_BLOCKS = YES;
				GCC_WARN_64_TO_32_BIT_CONVERSION = YES;
				GCC_WARN_ABOUT_RETURN_TYPE = YES_ERROR;
				GCC_WARN_UNDECLARED_SELECTOR = YES;
				GCC_WARN_UNINITIALIZED_AUTOS = YES_AGGRESSIVE;
				GCC_WARN_UNUSED_FUNCTION = YES;
				GCC_WARN_UNUSED_VARIABLE = YES;
				IPHONEOS_DEPLOYMENT_TARGET = 11.2;
				MTL_ENABLE_DEBUG_INFO = NO;
				SDKROOT = iphoneos;
				SWIFT_OPTIMIZATION_LEVEL = "-Owholemodule";
				VALIDATE_PRODUCT = YES;
			};
			name = Release;
		};
		95656943204C2BB3005F9F6B /* Debug */ = {
			isa = XCBuildConfiguration;
			baseConfigurationReference = E14BB7371D2565B6C06EB7EA /* Pods-Lenscape.debug.xcconfig */;
			buildSettings = {
				ASSETCATALOG_COMPILER_APPICON_NAME = AppIcon;
				CLANG_ENABLE_MODULES = YES;
				"CODE_SIGN_IDENTITY[sdk=iphoneos*]" = "iPhone Developer";
				CODE_SIGN_STYLE = Automatic;
				DEVELOPMENT_TEAM = 2GN75K5C8B;
				INFOPLIST_FILE = Lenscape/Info.plist;
				IPHONEOS_DEPLOYMENT_TARGET = 10.0;
				LD_RUNPATH_SEARCH_PATHS = "$(inherited) @executable_path/Frameworks";
				PRODUCT_BUNDLE_IDENTIFIER = lenscape.Lenscape;
				PRODUCT_NAME = "$(TARGET_NAME)";
				PROVISIONING_PROFILE_SPECIFIER = "";
				SWIFT_OBJC_BRIDGING_HEADER = "Lenscape/Utilities/Lenscape-Bridging-Header.h";
				SWIFT_OPTIMIZATION_LEVEL = "-Onone";
				SWIFT_VERSION = 4.0;
				TARGETED_DEVICE_FAMILY = "1,2";
			};
			name = Debug;
		};
		95656944204C2BB3005F9F6B /* Release */ = {
			isa = XCBuildConfiguration;
			baseConfigurationReference = 5362A6BF6BD12409D463E8E5 /* Pods-Lenscape.release.xcconfig */;
			buildSettings = {
				ASSETCATALOG_COMPILER_APPICON_NAME = AppIcon;
				CLANG_ENABLE_MODULES = YES;
				"CODE_SIGN_IDENTITY[sdk=iphoneos*]" = "iPhone Developer";
				CODE_SIGN_STYLE = Automatic;
				DEVELOPMENT_TEAM = 2GN75K5C8B;
				INFOPLIST_FILE = Lenscape/Info.plist;
				IPHONEOS_DEPLOYMENT_TARGET = 10.0;
				LD_RUNPATH_SEARCH_PATHS = "$(inherited) @executable_path/Frameworks";
				PRODUCT_BUNDLE_IDENTIFIER = lenscape.Lenscape;
				PRODUCT_NAME = "$(TARGET_NAME)";
				PROVISIONING_PROFILE_SPECIFIER = "";
				SWIFT_OBJC_BRIDGING_HEADER = "Lenscape/Utilities/Lenscape-Bridging-Header.h";
				SWIFT_VERSION = 4.0;
				TARGETED_DEVICE_FAMILY = "1,2";
			};
			name = Release;
		};
/* End XCBuildConfiguration section */

/* Begin XCConfigurationList section */
		9565692B204C2BB3005F9F6B /* Build configuration list for PBXProject "Lenscape" */ = {
			isa = XCConfigurationList;
			buildConfigurations = (
				95656940204C2BB3005F9F6B /* Debug */,
				95656941204C2BB3005F9F6B /* Release */,
			);
			defaultConfigurationIsVisible = 0;
			defaultConfigurationName = Release;
		};
		95656942204C2BB3005F9F6B /* Build configuration list for PBXNativeTarget "Lenscape" */ = {
			isa = XCConfigurationList;
			buildConfigurations = (
				95656943204C2BB3005F9F6B /* Debug */,
				95656944204C2BB3005F9F6B /* Release */,
			);
			defaultConfigurationIsVisible = 0;
			defaultConfigurationName = Release;
		};
/* End XCConfigurationList section */
	};
	rootObject = 95656928204C2BB3005F9F6B /* Project object */;
}
