// !$*UTF8*$!
{
	archiveVersion = 1;
	classes = {
	};
	objectVersion = 48;
	objects = {

/* Begin PBXBuildFile section */
		687686D0758CD9295E1F94F0 /* Pods_Lenscape.framework in Frameworks */ = {isa = PBXBuildFile; fileRef = 9DD7EF58BBD9E3A705AFBDCC /* Pods_Lenscape.framework */; };
		95028D182061FBF600222BFA /* ExplorePageViewController.swift in Sources */ = {isa = PBXBuildFile; fileRef = 95028D172061FBF600222BFA /* ExplorePageViewController.swift */; };
		95108EF220541B760072AC48 /* Identifiers.swift in Sources */ = {isa = PBXBuildFile; fileRef = 95108EF120541B760072AC48 /* Identifiers.swift */; };
		95108EF42054247A0072AC48 /* Error.swift in Sources */ = {isa = PBXBuildFile; fileRef = 95108EF32054247A0072AC48 /* Error.swift */; };
		95134E36204C2F1500121514 /* ApiManager.swift in Sources */ = {isa = PBXBuildFile; fileRef = 95134E35204C2F1500121514 /* ApiManager.swift */; };
		9518DBB82052DE0A00F0BE1B /* ExploreMapViewController.swift in Sources */ = {isa = PBXBuildFile; fileRef = 9518DBB72052DE0A00F0BE1B /* ExploreMapViewController.swift */; };
		9518DBBA2052E1E000F0BE1B /* ShadowView.swift in Sources */ = {isa = PBXBuildFile; fileRef = 9518DBB92052E1E000F0BE1B /* ShadowView.swift */; };
		9518DBBC2052E3F500F0BE1B /* EnhancedUIImageView.swift in Sources */ = {isa = PBXBuildFile; fileRef = 9518DBBB2052E3F500F0BE1B /* EnhancedUIImageView.swift */; };
		951FE8B8204C3C8C00FE6C10 /* Api.swift in Sources */ = {isa = PBXBuildFile; fileRef = 951FE8B7204C3C8C00FE6C10 /* Api.swift */; };
		951FE8BA204C3C9400FE6C10 /* UserController.swift in Sources */ = {isa = PBXBuildFile; fileRef = 951FE8B9204C3C9400FE6C10 /* UserController.swift */; };
		953048A0206210CA00EB5F3F /* PhotoInfoViewController.swift in Sources */ = {isa = PBXBuildFile; fileRef = 9530489F206210CA00EB5F3F /* PhotoInfoViewController.swift */; };
		95431EFA2060059800F8CD43 /* TabHeader.swift in Sources */ = {isa = PBXBuildFile; fileRef = 95431EF92060059800F8CD43 /* TabHeader.swift */; };
		95431EFD206005AC00F8CD43 /* TabHeader.xib in Resources */ = {isa = PBXBuildFile; fileRef = 95431EFC206005AC00F8CD43 /* TabHeader.xib */; };
		95431F00206008A300F8CD43 /* ExploreSupplementaryView.swift in Sources */ = {isa = PBXBuildFile; fileRef = 95431EFF206008A300F8CD43 /* ExploreSupplementaryView.swift */; };
		95431F02206008B300F8CD43 /* ExploreSupplementaryView.xib in Resources */ = {isa = PBXBuildFile; fileRef = 95431F01206008B300F8CD43 /* ExploreSupplementaryView.xib */; };
		95431F0420600A0000F8CD43 /* CustomView.swift in Sources */ = {isa = PBXBuildFile; fileRef = 95431F0320600A0000F8CD43 /* CustomView.swift */; };
		954672B9204EAFE400035B94 /* FacebookLogin.swift in Sources */ = {isa = PBXBuildFile; fileRef = 954672B8204EAFE400035B94 /* FacebookLogin.swift */; };
		954672BB2050DF7800035B94 /* AuthViewController.swift in Sources */ = {isa = PBXBuildFile; fileRef = 954672BA2050DF7800035B94 /* AuthViewController.swift */; };
		955606A1205CE3BA007B3B17 /* OpenCameraViewControllerModal.swift in Sources */ = {isa = PBXBuildFile; fileRef = 955606A0205CE3BA007B3B17 /* OpenCameraViewControllerModal.swift */; };
		955606AA205CEBEC007B3B17 /* CameraShotButton.swift in Sources */ = {isa = PBXBuildFile; fileRef = 955606A9205CEBEC007B3B17 /* CameraShotButton.swift */; };
		955C3AF5204D95C40023FAF0 /* TextField.swift in Sources */ = {isa = PBXBuildFile; fileRef = 955C3AF4204D95C40023FAF0 /* TextField.swift */; };
		955C3AF7204D96C00023FAF0 /* RoundedBorderButton.swift in Sources */ = {isa = PBXBuildFile; fileRef = 955C3AF6204D96C00023FAF0 /* RoundedBorderButton.swift */; };
		95656934204C2BB3005F9F6B /* AppDelegate.swift in Sources */ = {isa = PBXBuildFile; fileRef = 95656933204C2BB3005F9F6B /* AppDelegate.swift */; };
		95656936204C2BB3005F9F6B /* SigninViewController.swift in Sources */ = {isa = PBXBuildFile; fileRef = 95656935204C2BB3005F9F6B /* SigninViewController.swift */; };
		95656939204C2BB3005F9F6B /* Main.storyboard in Resources */ = {isa = PBXBuildFile; fileRef = 95656937204C2BB3005F9F6B /* Main.storyboard */; };
		9565693B204C2BB3005F9F6B /* Assets.xcassets in Resources */ = {isa = PBXBuildFile; fileRef = 9565693A204C2BB3005F9F6B /* Assets.xcassets */; };
		9565693E204C2BB3005F9F6B /* LaunchScreen.storyboard in Resources */ = {isa = PBXBuildFile; fileRef = 9565693C204C2BB3005F9F6B /* LaunchScreen.storyboard */; };
		956F1704204EA69000CADB75 /* ExploreViewController.swift in Sources */ = {isa = PBXBuildFile; fileRef = 956F1703204EA69000CADB75 /* ExploreViewController.swift */; };
		956F1706204EAB0000CADB75 /* SignupViewController.swift in Sources */ = {isa = PBXBuildFile; fileRef = 956F1705204EAB0000CADB75 /* SignupViewController.swift */; };
		957FA7D92056363C005F2E91 /* SeasoningScrollView.xib in Resources */ = {isa = PBXBuildFile; fileRef = 957FA7D82056363C005F2E91 /* SeasoningScrollView.xib */; };
		957FA7DB20563644005F2E91 /* SeasoningScrollView.swift in Sources */ = {isa = PBXBuildFile; fileRef = 957FA7DA20563644005F2E91 /* SeasoningScrollView.swift */; };
		957FA7DD205656AA005F2E91 /* OpenCameraViewController.swift in Sources */ = {isa = PBXBuildFile; fileRef = 957FA7DC205656AA005F2E91 /* OpenCameraViewController.swift */; };
		957FA7DF20565E9C005F2E91 /* PhotoPostViewController.swift in Sources */ = {isa = PBXBuildFile; fileRef = 957FA7DE20565E9C005F2E91 /* PhotoPostViewController.swift */; };
		9582DC30205CC76800779E38 /* PhotoUploadingDelegate.swift in Sources */ = {isa = PBXBuildFile; fileRef = 9582DC2F205CC76800779E38 /* PhotoUploadingDelegate.swift */; };
		9582DC32205CC86500779E38 /* PhotoUploader.swift in Sources */ = {isa = PBXBuildFile; fileRef = 9582DC31205CC86500779E38 /* PhotoUploader.swift */; };
		9595F06F2055712300A740E1 /* CircularScrollViewItem.xib in Resources */ = {isa = PBXBuildFile; fileRef = 9595F06E2055712300A740E1 /* CircularScrollViewItem.xib */; };
		9595F0712055714800A740E1 /* CircularScrollViewItem.swift in Sources */ = {isa = PBXBuildFile; fileRef = 9595F0702055714800A740E1 /* CircularScrollViewItem.swift */; };
		9595F0742056103100A740E1 /* CircularInfiniteScroll.xib in Resources */ = {isa = PBXBuildFile; fileRef = 9595F0732056103100A740E1 /* CircularInfiniteScroll.xib */; };
		9595F076205610FE00A740E1 /* CircularInfiniteScroll.swift in Sources */ = {isa = PBXBuildFile; fileRef = 9595F075205610FE00A740E1 /* CircularInfiniteScroll.swift */; };
		9597DE64205F7BB200B7E751 /* Image.swift in Sources */ = {isa = PBXBuildFile; fileRef = 9597DE63205F7BB200B7E751 /* Image.swift */; };
		9597DE67205F836100B7E751 /* ImageCollectionViewCell.swift in Sources */ = {isa = PBXBuildFile; fileRef = 9597DE66205F836100B7E751 /* ImageCollectionViewCell.swift */; };
		95B7C1FC204E9DD100410A48 /* Dictionary.swift in Sources */ = {isa = PBXBuildFile; fileRef = 95B7C1FB204E9DD100410A48 /* Dictionary.swift */; };
		95B8AB7C2051953C007480AA /* ProfileViewController.swift in Sources */ = {isa = PBXBuildFile; fileRef = 95B8AB7B2051953C007480AA /* ProfileViewController.swift */; };
		95B8AB7E20519544007480AA /* TrendViewController.swift in Sources */ = {isa = PBXBuildFile; fileRef = 95B8AB7D20519544007480AA /* TrendViewController.swift */; };
		95B8AB802051954D007480AA /* FavoriteViewController.swift in Sources */ = {isa = PBXBuildFile; fileRef = 95B8AB7F2051954D007480AA /* FavoriteViewController.swift */; };
		95B8AB8220523B9E007480AA /* MainTabBarController.swift in Sources */ = {isa = PBXBuildFile; fileRef = 95B8AB8120523B9E007480AA /* MainTabBarController.swift */; };
		95DD8285206156F40073B097 /* CustomTabBar.swift in Sources */ = {isa = PBXBuildFile; fileRef = 95DD8284206156F40073B097 /* CustomTabBar.swift */; };
		95F881412055248E003F61D4 /* UIButton.swift in Sources */ = {isa = PBXBuildFile; fileRef = 95F881402055248D003F61D4 /* UIButton.swift */; };
		95F8814520555309003F61D4 /* GradientView.swift in Sources */ = {isa = PBXBuildFile; fileRef = 95F8814420555309003F61D4 /* GradientView.swift */; };
/* End PBXBuildFile section */

/* Begin PBXFileReference section */
		5362A6BF6BD12409D463E8E5 /* Pods-Lenscape.release.xcconfig */ = {isa = PBXFileReference; includeInIndex = 1; lastKnownFileType = text.xcconfig; name = "Pods-Lenscape.release.xcconfig"; path = "Pods/Target Support Files/Pods-Lenscape/Pods-Lenscape.release.xcconfig"; sourceTree = "<group>"; };
		95028D172061FBF600222BFA /* ExplorePageViewController.swift */ = {isa = PBXFileReference; lastKnownFileType = sourcecode.swift; path = ExplorePageViewController.swift; sourceTree = "<group>"; };
		95108EF120541B760072AC48 /* Identifiers.swift */ = {isa = PBXFileReference; lastKnownFileType = sourcecode.swift; path = Identifiers.swift; sourceTree = "<group>"; };
		95108EF32054247A0072AC48 /* Error.swift */ = {isa = PBXFileReference; lastKnownFileType = sourcecode.swift; path = Error.swift; sourceTree = "<group>"; };
		95134E35204C2F1500121514 /* ApiManager.swift */ = {isa = PBXFileReference; lastKnownFileType = sourcecode.swift; path = ApiManager.swift; sourceTree = "<group>"; };
		9518DBB72052DE0A00F0BE1B /* ExploreMapViewController.swift */ = {isa = PBXFileReference; lastKnownFileType = sourcecode.swift; path = ExploreMapViewController.swift; sourceTree = "<group>"; };
		9518DBB92052E1E000F0BE1B /* ShadowView.swift */ = {isa = PBXFileReference; lastKnownFileType = sourcecode.swift; path = ShadowView.swift; sourceTree = "<group>"; };
		9518DBBB2052E3F500F0BE1B /* EnhancedUIImageView.swift */ = {isa = PBXFileReference; lastKnownFileType = sourcecode.swift; path = EnhancedUIImageView.swift; sourceTree = "<group>"; };
		951FE8B7204C3C8C00FE6C10 /* Api.swift */ = {isa = PBXFileReference; lastKnownFileType = sourcecode.swift; path = Api.swift; sourceTree = "<group>"; };
		951FE8B9204C3C9400FE6C10 /* UserController.swift */ = {isa = PBXFileReference; lastKnownFileType = sourcecode.swift; path = UserController.swift; sourceTree = "<group>"; };
		9530489F206210CA00EB5F3F /* PhotoInfoViewController.swift */ = {isa = PBXFileReference; lastKnownFileType = sourcecode.swift; path = PhotoInfoViewController.swift; sourceTree = "<group>"; };
		95431EF92060059800F8CD43 /* TabHeader.swift */ = {isa = PBXFileReference; lastKnownFileType = sourcecode.swift; path = TabHeader.swift; sourceTree = "<group>"; };
		95431EFC206005AC00F8CD43 /* TabHeader.xib */ = {isa = PBXFileReference; lastKnownFileType = file.xib; path = TabHeader.xib; sourceTree = "<group>"; };
		95431EFF206008A300F8CD43 /* ExploreSupplementaryView.swift */ = {isa = PBXFileReference; lastKnownFileType = sourcecode.swift; path = ExploreSupplementaryView.swift; sourceTree = "<group>"; };
		95431F01206008B300F8CD43 /* ExploreSupplementaryView.xib */ = {isa = PBXFileReference; lastKnownFileType = file.xib; path = ExploreSupplementaryView.xib; sourceTree = "<group>"; };
		95431F0320600A0000F8CD43 /* CustomView.swift */ = {isa = PBXFileReference; lastKnownFileType = sourcecode.swift; path = CustomView.swift; sourceTree = "<group>"; };
		954672B8204EAFE400035B94 /* FacebookLogin.swift */ = {isa = PBXFileReference; lastKnownFileType = sourcecode.swift; path = FacebookLogin.swift; sourceTree = "<group>"; };
		954672BA2050DF7800035B94 /* AuthViewController.swift */ = {isa = PBXFileReference; lastKnownFileType = sourcecode.swift; path = AuthViewController.swift; sourceTree = "<group>"; };
		955606A0205CE3BA007B3B17 /* OpenCameraViewControllerModal.swift */ = {isa = PBXFileReference; lastKnownFileType = sourcecode.swift; path = OpenCameraViewControllerModal.swift; sourceTree = "<group>"; };
		955606A9205CEBEC007B3B17 /* CameraShotButton.swift */ = {isa = PBXFileReference; lastKnownFileType = sourcecode.swift; path = CameraShotButton.swift; sourceTree = "<group>"; };
		955C3AF4204D95C40023FAF0 /* TextField.swift */ = {isa = PBXFileReference; lastKnownFileType = sourcecode.swift; path = TextField.swift; sourceTree = "<group>"; };
		955C3AF6204D96C00023FAF0 /* RoundedBorderButton.swift */ = {isa = PBXFileReference; lastKnownFileType = sourcecode.swift; path = RoundedBorderButton.swift; sourceTree = "<group>"; };
		95656930204C2BB3005F9F6B /* Lenscape.app */ = {isa = PBXFileReference; explicitFileType = wrapper.application; includeInIndex = 0; path = Lenscape.app; sourceTree = BUILT_PRODUCTS_DIR; };
		95656933204C2BB3005F9F6B /* AppDelegate.swift */ = {isa = PBXFileReference; lastKnownFileType = sourcecode.swift; path = AppDelegate.swift; sourceTree = "<group>"; };
		95656935204C2BB3005F9F6B /* SigninViewController.swift */ = {isa = PBXFileReference; lastKnownFileType = sourcecode.swift; path = SigninViewController.swift; sourceTree = "<group>"; };
		95656938204C2BB3005F9F6B /* Base */ = {isa = PBXFileReference; lastKnownFileType = file.storyboard; name = Base; path = Base.lproj/Main.storyboard; sourceTree = "<group>"; };
		9565693A204C2BB3005F9F6B /* Assets.xcassets */ = {isa = PBXFileReference; lastKnownFileType = folder.assetcatalog; path = Assets.xcassets; sourceTree = "<group>"; };
		9565693D204C2BB3005F9F6B /* Base */ = {isa = PBXFileReference; lastKnownFileType = file.storyboard; name = Base; path = Base.lproj/LaunchScreen.storyboard; sourceTree = "<group>"; };
		9565693F204C2BB3005F9F6B /* Info.plist */ = {isa = PBXFileReference; lastKnownFileType = text.plist.xml; path = Info.plist; sourceTree = "<group>"; };
		956F1703204EA69000CADB75 /* ExploreViewController.swift */ = {isa = PBXFileReference; lastKnownFileType = sourcecode.swift; path = ExploreViewController.swift; sourceTree = "<group>"; };
		956F1705204EAB0000CADB75 /* SignupViewController.swift */ = {isa = PBXFileReference; lastKnownFileType = sourcecode.swift; path = SignupViewController.swift; sourceTree = "<group>"; };
		957FA7D82056363C005F2E91 /* SeasoningScrollView.xib */ = {isa = PBXFileReference; lastKnownFileType = file.xib; path = SeasoningScrollView.xib; sourceTree = "<group>"; };
		957FA7DA20563644005F2E91 /* SeasoningScrollView.swift */ = {isa = PBXFileReference; lastKnownFileType = sourcecode.swift; path = SeasoningScrollView.swift; sourceTree = "<group>"; };
		957FA7DC205656AA005F2E91 /* OpenCameraViewController.swift */ = {isa = PBXFileReference; lastKnownFileType = sourcecode.swift; path = OpenCameraViewController.swift; sourceTree = "<group>"; };
		957FA7DE20565E9C005F2E91 /* PhotoPostViewController.swift */ = {isa = PBXFileReference; lastKnownFileType = sourcecode.swift; path = PhotoPostViewController.swift; sourceTree = "<group>"; };
		9582DC2F205CC76800779E38 /* PhotoUploadingDelegate.swift */ = {isa = PBXFileReference; lastKnownFileType = sourcecode.swift; path = PhotoUploadingDelegate.swift; sourceTree = "<group>"; };
		9582DC31205CC86500779E38 /* PhotoUploader.swift */ = {isa = PBXFileReference; lastKnownFileType = sourcecode.swift; path = PhotoUploader.swift; sourceTree = "<group>"; };
		9595F06E2055712300A740E1 /* CircularScrollViewItem.xib */ = {isa = PBXFileReference; lastKnownFileType = file.xib; path = CircularScrollViewItem.xib; sourceTree = "<group>"; };
		9595F0702055714800A740E1 /* CircularScrollViewItem.swift */ = {isa = PBXFileReference; lastKnownFileType = sourcecode.swift; path = CircularScrollViewItem.swift; sourceTree = "<group>"; };
		9595F0732056103100A740E1 /* CircularInfiniteScroll.xib */ = {isa = PBXFileReference; lastKnownFileType = file.xib; path = CircularInfiniteScroll.xib; sourceTree = "<group>"; };
		9595F075205610FE00A740E1 /* CircularInfiniteScroll.swift */ = {isa = PBXFileReference; lastKnownFileType = sourcecode.swift; path = CircularInfiniteScroll.swift; sourceTree = "<group>"; };
		9597DE63205F7BB200B7E751 /* Image.swift */ = {isa = PBXFileReference; lastKnownFileType = sourcecode.swift; path = Image.swift; sourceTree = "<group>"; };
		9597DE66205F836100B7E751 /* ImageCollectionViewCell.swift */ = {isa = PBXFileReference; lastKnownFileType = sourcecode.swift; path = ImageCollectionViewCell.swift; sourceTree = "<group>"; };
		95B7C1FB204E9DD100410A48 /* Dictionary.swift */ = {isa = PBXFileReference; lastKnownFileType = sourcecode.swift; path = Dictionary.swift; sourceTree = "<group>"; };
		95B8AB7B2051953C007480AA /* ProfileViewController.swift */ = {isa = PBXFileReference; lastKnownFileType = sourcecode.swift; path = ProfileViewController.swift; sourceTree = "<group>"; };
		95B8AB7D20519544007480AA /* TrendViewController.swift */ = {isa = PBXFileReference; lastKnownFileType = sourcecode.swift; path = TrendViewController.swift; sourceTree = "<group>"; };
		95B8AB7F2051954D007480AA /* FavoriteViewController.swift */ = {isa = PBXFileReference; lastKnownFileType = sourcecode.swift; path = FavoriteViewController.swift; sourceTree = "<group>"; };
		95B8AB8120523B9E007480AA /* MainTabBarController.swift */ = {isa = PBXFileReference; lastKnownFileType = sourcecode.swift; path = MainTabBarController.swift; sourceTree = "<group>"; };
		95DD8284206156F40073B097 /* CustomTabBar.swift */ = {isa = PBXFileReference; lastKnownFileType = sourcecode.swift; path = CustomTabBar.swift; sourceTree = "<group>"; };
		95F881402055248D003F61D4 /* UIButton.swift */ = {isa = PBXFileReference; lastKnownFileType = sourcecode.swift; path = UIButton.swift; sourceTree = "<group>"; };
		95F8814420555309003F61D4 /* GradientView.swift */ = {isa = PBXFileReference; lastKnownFileType = sourcecode.swift; path = GradientView.swift; sourceTree = "<group>"; };
		9DD7EF58BBD9E3A705AFBDCC /* Pods_Lenscape.framework */ = {isa = PBXFileReference; explicitFileType = wrapper.framework; includeInIndex = 0; path = Pods_Lenscape.framework; sourceTree = BUILT_PRODUCTS_DIR; };
		E14BB7371D2565B6C06EB7EA /* Pods-Lenscape.debug.xcconfig */ = {isa = PBXFileReference; includeInIndex = 1; lastKnownFileType = text.xcconfig; name = "Pods-Lenscape.debug.xcconfig"; path = "Pods/Target Support Files/Pods-Lenscape/Pods-Lenscape.debug.xcconfig"; sourceTree = "<group>"; };
/* End PBXFileReference section */

/* Begin PBXFrameworksBuildPhase section */
		9565692D204C2BB3005F9F6B /* Frameworks */ = {
			isa = PBXFrameworksBuildPhase;
			buildActionMask = 2147483647;
			files = (
				687686D0758CD9295E1F94F0 /* Pods_Lenscape.framework in Frameworks */,
			);
			runOnlyForDeploymentPostprocessing = 0;
		};
/* End PBXFrameworksBuildPhase section */

/* Begin PBXGroup section */
		95134E34204C2F0700121514 /* Utilities */ = {
			isa = PBXGroup;
			children = (
				9582DC2E205CC75100779E38 /* protocols */,
				95B7C1FA204E9DC800410A48 /* extensions */,
				95134E35204C2F1500121514 /* ApiManager.swift */,
				951FE8B7204C3C8C00FE6C10 /* Api.swift */,
				9582DC31205CC86500779E38 /* PhotoUploader.swift */,
				951FE8B9204C3C9400FE6C10 /* UserController.swift */,
				954672B8204EAFE400035B94 /* FacebookLogin.swift */,
				95108EF120541B760072AC48 /* Identifiers.swift */,
			);
			path = Utilities;
			sourceTree = "<group>";
		};
		95431EFB2060059C00F8CD43 /* TabHeader */ = {
			isa = PBXGroup;
			children = (
				95431EF92060059800F8CD43 /* TabHeader.swift */,
				95431EFC206005AC00F8CD43 /* TabHeader.xib */,
			);
			path = TabHeader;
			sourceTree = "<group>";
		};
		95431EFE2060088300F8CD43 /* ExploreViewControllerComponents */ = {
			isa = PBXGroup;
			children = (
				95431EFF206008A300F8CD43 /* ExploreSupplementaryView.swift */,
				95431F01206008B300F8CD43 /* ExploreSupplementaryView.xib */,
			);
			path = ExploreViewControllerComponents;
			sourceTree = "<group>";
		};
		955C3AF1204D95890023FAF0 /* Components */ = {
			isa = PBXGroup;
			children = (
				95431EFE2060088300F8CD43 /* ExploreViewControllerComponents */,
				95431EFB2060059C00F8CD43 /* TabHeader */,
				9597DE65205F834500B7E751 /* ImageCollectionView */,
				957FA7D720563621005F2E91 /* SeasoningScrollView */,
				9595F0722056101E00A740E1 /* CircularInfiniteScroll */,
				9595F06D2055711200A740E1 /* CircularScrollView */,
				955C3AF4204D95C40023FAF0 /* TextField.swift */,
				95F8814420555309003F61D4 /* GradientView.swift */,
				95431F0320600A0000F8CD43 /* CustomView.swift */,
				955606A9205CEBEC007B3B17 /* CameraShotButton.swift */,
				95DD8284206156F40073B097 /* CustomTabBar.swift */,
				9518DBB92052E1E000F0BE1B /* ShadowView.swift */,
				9518DBBB2052E3F500F0BE1B /* EnhancedUIImageView.swift */,
				955C3AF6204D96C00023FAF0 /* RoundedBorderButton.swift */,
			);
			path = Components;
			sourceTree = "<group>";
		};
		95656927204C2BB3005F9F6B = {
			isa = PBXGroup;
			children = (
				95656932204C2BB3005F9F6B /* Lenscape */,
				95656931204C2BB3005F9F6B /* Products */,
				C3071B4FD2F74943FFAEE3BE /* Pods */,
				C71DA78D31E30C6CE0EBF63F /* Frameworks */,
			);
			sourceTree = "<group>";
		};
		95656931204C2BB3005F9F6B /* Products */ = {
			isa = PBXGroup;
			children = (
				95656930204C2BB3005F9F6B /* Lenscape.app */,
			);
			name = Products;
			sourceTree = "<group>";
		};
		95656932204C2BB3005F9F6B /* Lenscape */ = {
			isa = PBXGroup;
			children = (
				9597DE62205F7B8700B7E751 /* DataModels */,
				956F1702204EA63600CADB75 /* ViewControllers */,
				955C3AF1204D95890023FAF0 /* Components */,
				95656933204C2BB3005F9F6B /* AppDelegate.swift */,
				95134E34204C2F0700121514 /* Utilities */,
				95656937204C2BB3005F9F6B /* Main.storyboard */,
				9565693A204C2BB3005F9F6B /* Assets.xcassets */,
				9565693C204C2BB3005F9F6B /* LaunchScreen.storyboard */,
				9565693F204C2BB3005F9F6B /* Info.plist */,
			);
			path = Lenscape;
			sourceTree = "<group>";
		};
		956F1702204EA63600CADB75 /* ViewControllers */ = {
			isa = PBXGroup;
			children = (
				95656935204C2BB3005F9F6B /* SigninViewController.swift */,
				95B8AB7D20519544007480AA /* TrendViewController.swift */,
				95B8AB7F2051954D007480AA /* FavoriteViewController.swift */,
				95B8AB8120523B9E007480AA /* MainTabBarController.swift */,
				956F1703204EA69000CADB75 /* ExploreViewController.swift */,
				957FA7DC205656AA005F2E91 /* OpenCameraViewController.swift */,
				95028D172061FBF600222BFA /* ExplorePageViewController.swift */,
				9530489F206210CA00EB5F3F /* PhotoInfoViewController.swift */,
				955606A0205CE3BA007B3B17 /* OpenCameraViewControllerModal.swift */,
				957FA7DE20565E9C005F2E91 /* PhotoPostViewController.swift */,
				9518DBB72052DE0A00F0BE1B /* ExploreMapViewController.swift */,
				956F1705204EAB0000CADB75 /* SignupViewController.swift */,
				954672BA2050DF7800035B94 /* AuthViewController.swift */,
				95B8AB7B2051953C007480AA /* ProfileViewController.swift */,
			);
			path = ViewControllers;
			sourceTree = "<group>";
		};
		957FA7D720563621005F2E91 /* SeasoningScrollView */ = {
			isa = PBXGroup;
			children = (
				957FA7D82056363C005F2E91 /* SeasoningScrollView.xib */,
				957FA7DA20563644005F2E91 /* SeasoningScrollView.swift */,
			);
			name = SeasoningScrollView;
			path = "New Group";
			sourceTree = "<group>";
		};
		9582DC2E205CC75100779E38 /* protocols */ = {
			isa = PBXGroup;
			children = (
				9582DC2F205CC76800779E38 /* PhotoUploadingDelegate.swift */,
			);
			path = protocols;
			sourceTree = "<group>";
		};
		9595F06D2055711200A740E1 /* CircularScrollView */ = {
			isa = PBXGroup;
			children = (
				9595F06E2055712300A740E1 /* CircularScrollViewItem.xib */,
				9595F0702055714800A740E1 /* CircularScrollViewItem.swift */,
			);
			path = CircularScrollView;
			sourceTree = "<group>";
		};
		9595F0722056101E00A740E1 /* CircularInfiniteScroll */ = {
			isa = PBXGroup;
			children = (
				9595F0732056103100A740E1 /* CircularInfiniteScroll.xib */,
				9595F075205610FE00A740E1 /* CircularInfiniteScroll.swift */,
			);
			path = CircularInfiniteScroll;
			sourceTree = "<group>";
		};
		9597DE62205F7B8700B7E751 /* DataModels */ = {
			isa = PBXGroup;
			children = (
				9597DE63205F7BB200B7E751 /* Image.swift */,
			);
			path = DataModels;
			sourceTree = "<group>";
		};
		9597DE65205F834500B7E751 /* ImageCollectionView */ = {
			isa = PBXGroup;
			children = (
				9597DE66205F836100B7E751 /* ImageCollectionViewCell.swift */,
			);
			path = ImageCollectionView;
			sourceTree = "<group>";
		};
		95B7C1FA204E9DC800410A48 /* extensions */ = {
			isa = PBXGroup;
			children = (
				95B7C1FB204E9DD100410A48 /* Dictionary.swift */,
				95108EF32054247A0072AC48 /* Error.swift */,
				95F881402055248D003F61D4 /* UIButton.swift */,
			);
			path = extensions;
			sourceTree = "<group>";
		};
		C3071B4FD2F74943FFAEE3BE /* Pods */ = {
			isa = PBXGroup;
			children = (
				E14BB7371D2565B6C06EB7EA /* Pods-Lenscape.debug.xcconfig */,
				5362A6BF6BD12409D463E8E5 /* Pods-Lenscape.release.xcconfig */,
			);
			name = Pods;
			sourceTree = "<group>";
		};
		C71DA78D31E30C6CE0EBF63F /* Frameworks */ = {
			isa = PBXGroup;
			children = (
				9DD7EF58BBD9E3A705AFBDCC /* Pods_Lenscape.framework */,
			);
			name = Frameworks;
			sourceTree = "<group>";
		};
/* End PBXGroup section */

/* Begin PBXNativeTarget section */
		9565692F204C2BB3005F9F6B /* Lenscape */ = {
			isa = PBXNativeTarget;
			buildConfigurationList = 95656942204C2BB3005F9F6B /* Build configuration list for PBXNativeTarget "Lenscape" */;
			buildPhases = (
				A3AF88432D35D65721A415E1 /* [CP] Check Pods Manifest.lock */,
				9565692C204C2BB3005F9F6B /* Sources */,
				9565692D204C2BB3005F9F6B /* Frameworks */,
				9565692E204C2BB3005F9F6B /* Resources */,
				0BB466C2C588B8D947AEB59C /* [CP] Embed Pods Frameworks */,
				403C2CD3429E5F237BB6C2D5 /* [CP] Copy Pods Resources */,
			);
			buildRules = (
			);
			dependencies = (
			);
			name = Lenscape;
			productName = Lenscape;
			productReference = 95656930204C2BB3005F9F6B /* Lenscape.app */;
			productType = "com.apple.product-type.application";
		};
/* End PBXNativeTarget section */

/* Begin PBXProject section */
		95656928204C2BB3005F9F6B /* Project object */ = {
			isa = PBXProject;
			attributes = {
				LastSwiftUpdateCheck = 0920;
				LastUpgradeCheck = 0920;
				ORGANIZATIONNAME = Lenscape;
				TargetAttributes = {
					9565692F204C2BB3005F9F6B = {
						CreatedOnToolsVersion = 9.2;
						ProvisioningStyle = Automatic;
					};
				};
			};
			buildConfigurationList = 9565692B204C2BB3005F9F6B /* Build configuration list for PBXProject "Lenscape" */;
			compatibilityVersion = "Xcode 8.0";
			developmentRegion = en;
			hasScannedForEncodings = 0;
			knownRegions = (
				en,
				Base,
			);
			mainGroup = 95656927204C2BB3005F9F6B;
			productRefGroup = 95656931204C2BB3005F9F6B /* Products */;
			projectDirPath = "";
			projectRoot = "";
			targets = (
				9565692F204C2BB3005F9F6B /* Lenscape */,
			);
		};
/* End PBXProject section */

/* Begin PBXResourcesBuildPhase section */
		9565692E204C2BB3005F9F6B /* Resources */ = {
			isa = PBXResourcesBuildPhase;
			buildActionMask = 2147483647;
			files = (
				9595F06F2055712300A740E1 /* CircularScrollViewItem.xib in Resources */,
				9565693E204C2BB3005F9F6B /* LaunchScreen.storyboard in Resources */,
				95431F02206008B300F8CD43 /* ExploreSupplementaryView.xib in Resources */,
				9565693B204C2BB3005F9F6B /* Assets.xcassets in Resources */,
				95656939204C2BB3005F9F6B /* Main.storyboard in Resources */,
				9595F0742056103100A740E1 /* CircularInfiniteScroll.xib in Resources */,
				957FA7D92056363C005F2E91 /* SeasoningScrollView.xib in Resources */,
				95431EFD206005AC00F8CD43 /* TabHeader.xib in Resources */,
			);
			runOnlyForDeploymentPostprocessing = 0;
		};
/* End PBXResourcesBuildPhase section */

/* Begin PBXShellScriptBuildPhase section */
		0BB466C2C588B8D947AEB59C /* [CP] Embed Pods Frameworks */ = {
			isa = PBXShellScriptBuildPhase;
			buildActionMask = 2147483647;
			files = (
			);
			inputPaths = (
				"${SRCROOT}/Pods/Target Support Files/Pods-Lenscape/Pods-Lenscape-frameworks.sh",
				"${BUILT_PRODUCTS_DIR}/Alamofire/Alamofire.framework",
				"${BUILT_PRODUCTS_DIR}/Bolts/Bolts.framework",
				"${BUILT_PRODUCTS_DIR}/FBSDKCoreKit/FBSDKCoreKit.framework",
				"${BUILT_PRODUCTS_DIR}/FBSDKLoginKit/FBSDKLoginKit.framework",
				"${BUILT_PRODUCTS_DIR}/FacebookCore/FacebookCore.framework",
				"${BUILT_PRODUCTS_DIR}/FacebookLogin/FacebookLogin.framework",
				"${BUILT_PRODUCTS_DIR}/Hero/Hero.framework",
				"${BUILT_PRODUCTS_DIR}/Kingfisher/Kingfisher.framework",
				"${BUILT_PRODUCTS_DIR}/PromiseKit/PromiseKit.framework",
				"${BUILT_PRODUCTS_DIR}/SwiftCarousel/SwiftCarousel.framework",
			);
			name = "[CP] Embed Pods Frameworks";
			outputPaths = (
				"${TARGET_BUILD_DIR}/${FRAMEWORKS_FOLDER_PATH}/Alamofire.framework",
				"${TARGET_BUILD_DIR}/${FRAMEWORKS_FOLDER_PATH}/Bolts.framework",
				"${TARGET_BUILD_DIR}/${FRAMEWORKS_FOLDER_PATH}/FBSDKCoreKit.framework",
				"${TARGET_BUILD_DIR}/${FRAMEWORKS_FOLDER_PATH}/FBSDKLoginKit.framework",
				"${TARGET_BUILD_DIR}/${FRAMEWORKS_FOLDER_PATH}/FacebookCore.framework",
				"${TARGET_BUILD_DIR}/${FRAMEWORKS_FOLDER_PATH}/FacebookLogin.framework",
				"${TARGET_BUILD_DIR}/${FRAMEWORKS_FOLDER_PATH}/Hero.framework",
				"${TARGET_BUILD_DIR}/${FRAMEWORKS_FOLDER_PATH}/Kingfisher.framework",
				"${TARGET_BUILD_DIR}/${FRAMEWORKS_FOLDER_PATH}/PromiseKit.framework",
				"${TARGET_BUILD_DIR}/${FRAMEWORKS_FOLDER_PATH}/SwiftCarousel.framework",
			);
			runOnlyForDeploymentPostprocessing = 0;
			shellPath = /bin/sh;
			shellScript = "\"${SRCROOT}/Pods/Target Support Files/Pods-Lenscape/Pods-Lenscape-frameworks.sh\"\n";
			showEnvVarsInLog = 0;
		};
		403C2CD3429E5F237BB6C2D5 /* [CP] Copy Pods Resources */ = {
			isa = PBXShellScriptBuildPhase;
			buildActionMask = 2147483647;
			files = (
			);
			inputPaths = (
				"${SRCROOT}/Pods/Target Support Files/Pods-Lenscape/Pods-Lenscape-resources.sh",
				"${PODS_ROOT}/GoogleMaps/Maps/Frameworks/GoogleMaps.framework/Resources/GoogleMaps.bundle",
			);
			name = "[CP] Copy Pods Resources";
			outputPaths = (
				"${TARGET_BUILD_DIR}/${UNLOCALIZED_RESOURCES_FOLDER_PATH}/GoogleMaps.bundle",
			);
			runOnlyForDeploymentPostprocessing = 0;
			shellPath = /bin/sh;
			shellScript = "\"${SRCROOT}/Pods/Target Support Files/Pods-Lenscape/Pods-Lenscape-resources.sh\"\n";
			showEnvVarsInLog = 0;
		};
		A3AF88432D35D65721A415E1 /* [CP] Check Pods Manifest.lock */ = {
			isa = PBXShellScriptBuildPhase;
			buildActionMask = 2147483647;
			files = (
			);
			inputPaths = (
				"${PODS_PODFILE_DIR_PATH}/Podfile.lock",
				"${PODS_ROOT}/Manifest.lock",
			);
			name = "[CP] Check Pods Manifest.lock";
			outputPaths = (
				"$(DERIVED_FILE_DIR)/Pods-Lenscape-checkManifestLockResult.txt",
			);
			runOnlyForDeploymentPostprocessing = 0;
			shellPath = /bin/sh;
			shellScript = "diff \"${PODS_PODFILE_DIR_PATH}/Podfile.lock\" \"${PODS_ROOT}/Manifest.lock\" > /dev/null\nif [ $? != 0 ] ; then\n    # print error to STDERR\n    echo \"error: The sandbox is not in sync with the Podfile.lock. Run 'pod install' or update your CocoaPods installation.\" >&2\n    exit 1\nfi\n# This output is used by Xcode 'outputs' to avoid re-running this script phase.\necho \"SUCCESS\" > \"${SCRIPT_OUTPUT_FILE_0}\"\n";
			showEnvVarsInLog = 0;
		};
/* End PBXShellScriptBuildPhase section */

/* Begin PBXSourcesBuildPhase section */
		9565692C204C2BB3005F9F6B /* Sources */ = {
			isa = PBXSourcesBuildPhase;
			buildActionMask = 2147483647;
			files = (
				9597DE67205F836100B7E751 /* ImageCollectionViewCell.swift in Sources */,
				9518DBBC2052E3F500F0BE1B /* EnhancedUIImageView.swift in Sources */,
				95F8814520555309003F61D4 /* GradientView.swift in Sources */,
				9518DBBA2052E1E000F0BE1B /* ShadowView.swift in Sources */,
				9595F076205610FE00A740E1 /* CircularInfiniteScroll.swift in Sources */,
				95656936204C2BB3005F9F6B /* SigninViewController.swift in Sources */,
				95431F0420600A0000F8CD43 /* CustomView.swift in Sources */,
				956F1704204EA69000CADB75 /* ExploreViewController.swift in Sources */,
				9595F0712055714800A740E1 /* CircularScrollViewItem.swift in Sources */,
				955606A1205CE3BA007B3B17 /* OpenCameraViewControllerModal.swift in Sources */,
				95B8AB7C2051953C007480AA /* ProfileViewController.swift in Sources */,
				957FA7DD205656AA005F2E91 /* OpenCameraViewController.swift in Sources */,
				956F1706204EAB0000CADB75 /* SignupViewController.swift in Sources */,
				955606AA205CEBEC007B3B17 /* CameraShotButton.swift in Sources */,
				95B7C1FC204E9DD100410A48 /* Dictionary.swift in Sources */,
				95DD8285206156F40073B097 /* CustomTabBar.swift in Sources */,
				95B8AB802051954D007480AA /* FavoriteViewController.swift in Sources */,
				954672BB2050DF7800035B94 /* AuthViewController.swift in Sources */,
				95B8AB7E20519544007480AA /* TrendViewController.swift in Sources */,
				957FA7DB20563644005F2E91 /* SeasoningScrollView.swift in Sources */,
				9582DC32205CC86500779E38 /* PhotoUploader.swift in Sources */,
				953048A0206210CA00EB5F3F /* PhotoInfoViewController.swift in Sources */,
				954672B9204EAFE400035B94 /* FacebookLogin.swift in Sources */,
				95134E36204C2F1500121514 /* ApiManager.swift in Sources */,
				95B8AB8220523B9E007480AA /* MainTabBarController.swift in Sources */,
				951FE8BA204C3C9400FE6C10 /* UserController.swift in Sources */,
				957FA7DF20565E9C005F2E91 /* PhotoPostViewController.swift in Sources */,
				955C3AF5204D95C40023FAF0 /* TextField.swift in Sources */,
				951FE8B8204C3C8C00FE6C10 /* Api.swift in Sources */,
				95431EFA2060059800F8CD43 /* TabHeader.swift in Sources */,
				95656934204C2BB3005F9F6B /* AppDelegate.swift in Sources */,
				955C3AF7204D96C00023FAF0 /* RoundedBorderButton.swift in Sources */,
				9582DC30205CC76800779E38 /* PhotoUploadingDelegate.swift in Sources */,
				95431F00206008A300F8CD43 /* ExploreSupplementaryView.swift in Sources */,
				95108EF220541B760072AC48 /* Identifiers.swift in Sources */,
				95F881412055248E003F61D4 /* UIButton.swift in Sources */,
				95108EF42054247A0072AC48 /* Error.swift in Sources */,
				95028D182061FBF600222BFA /* ExplorePageViewController.swift in Sources */,
				9597DE64205F7BB200B7E751 /* Image.swift in Sources */,
				9518DBB82052DE0A00F0BE1B /* ExploreMapViewController.swift in Sources */,
			);
			runOnlyForDeploymentPostprocessing = 0;
		};
/* End PBXSourcesBuildPhase section */

/* Begin PBXVariantGroup section */
		95656937204C2BB3005F9F6B /* Main.storyboard */ = {
			isa = PBXVariantGroup;
			children = (
				95656938204C2BB3005F9F6B /* Base */,
			);
			name = Main.storyboard;
			sourceTree = "<group>";
		};
		9565693C204C2BB3005F9F6B /* LaunchScreen.storyboard */ = {
			isa = PBXVariantGroup;
			children = (
				9565693D204C2BB3005F9F6B /* Base */,
			);
			name = LaunchScreen.storyboard;
			sourceTree = "<group>";
		};
/* End PBXVariantGroup section */

/* Begin XCBuildConfiguration section */
		95656940204C2BB3005F9F6B /* Debug */ = {
			isa = XCBuildConfiguration;
			buildSettings = {
				ALWAYS_SEARCH_USER_PATHS = NO;
				CLANG_ANALYZER_NONNULL = YES;
				CLANG_ANALYZER_NUMBER_OBJECT_CONVERSION = YES_AGGRESSIVE;
				CLANG_CXX_LANGUAGE_STANDARD = "gnu++14";
				CLANG_CXX_LIBRARY = "libc++";
				CLANG_ENABLE_MODULES = YES;
				CLANG_ENABLE_OBJC_ARC = YES;
				CLANG_WARN_BLOCK_CAPTURE_AUTORELEASING = YES;
				CLANG_WARN_BOOL_CONVERSION = YES;
				CLANG_WARN_COMMA = YES;
				CLANG_WARN_CONSTANT_CONVERSION = YES;
				CLANG_WARN_DIRECT_OBJC_ISA_USAGE = YES_ERROR;
				CLANG_WARN_DOCUMENTATION_COMMENTS = YES;
				CLANG_WARN_EMPTY_BODY = YES;
				CLANG_WARN_ENUM_CONVERSION = YES;
				CLANG_WARN_INFINITE_RECURSION = YES;
				CLANG_WARN_INT_CONVERSION = YES;
				CLANG_WARN_NON_LITERAL_NULL_CONVERSION = YES;
				CLANG_WARN_OBJC_LITERAL_CONVERSION = YES;
				CLANG_WARN_OBJC_ROOT_CLASS = YES_ERROR;
				CLANG_WARN_RANGE_LOOP_ANALYSIS = YES;
				CLANG_WARN_STRICT_PROTOTYPES = YES;
				CLANG_WARN_SUSPICIOUS_MOVE = YES;
				CLANG_WARN_UNGUARDED_AVAILABILITY = YES_AGGRESSIVE;
				CLANG_WARN_UNREACHABLE_CODE = YES;
				CLANG_WARN__DUPLICATE_METHOD_MATCH = YES;
				CODE_SIGN_IDENTITY = "iPhone Developer";
				COPY_PHASE_STRIP = NO;
				DEBUG_INFORMATION_FORMAT = dwarf;
				ENABLE_STRICT_OBJC_MSGSEND = YES;
				ENABLE_TESTABILITY = YES;
				GCC_C_LANGUAGE_STANDARD = gnu11;
				GCC_DYNAMIC_NO_PIC = NO;
				GCC_NO_COMMON_BLOCKS = YES;
				GCC_OPTIMIZATION_LEVEL = 0;
				GCC_PREPROCESSOR_DEFINITIONS = (
					"DEBUG=1",
					"$(inherited)",
				);
				GCC_WARN_64_TO_32_BIT_CONVERSION = YES;
				GCC_WARN_ABOUT_RETURN_TYPE = YES_ERROR;
				GCC_WARN_UNDECLARED_SELECTOR = YES;
				GCC_WARN_UNINITIALIZED_AUTOS = YES_AGGRESSIVE;
				GCC_WARN_UNUSED_FUNCTION = YES;
				GCC_WARN_UNUSED_VARIABLE = YES;
				IPHONEOS_DEPLOYMENT_TARGET = 11.2;
				MTL_ENABLE_DEBUG_INFO = YES;
				ONLY_ACTIVE_ARCH = YES;
				SDKROOT = iphoneos;
				SWIFT_ACTIVE_COMPILATION_CONDITIONS = DEBUG;
				SWIFT_OPTIMIZATION_LEVEL = "-Onone";
			};
			name = Debug;
		};
		95656941204C2BB3005F9F6B /* Release */ = {
			isa = XCBuildConfiguration;
			buildSettings = {
				ALWAYS_SEARCH_USER_PATHS = NO;
				CLANG_ANALYZER_NONNULL = YES;
				CLANG_ANALYZER_NUMBER_OBJECT_CONVERSION = YES_AGGRESSIVE;
				CLANG_CXX_LANGUAGE_STANDARD = "gnu++14";
				CLANG_CXX_LIBRARY = "libc++";
				CLANG_ENABLE_MODULES = YES;
				CLANG_ENABLE_OBJC_ARC = YES;
				CLANG_WARN_BLOCK_CAPTURE_AUTORELEASING = YES;
				CLANG_WARN_BOOL_CONVERSION = YES;
				CLANG_WARN_COMMA = YES;
				CLANG_WARN_CONSTANT_CONVERSION = YES;
				CLANG_WARN_DIRECT_OBJC_ISA_USAGE = YES_ERROR;
				CLANG_WARN_DOCUMENTATION_COMMENTS = YES;
				CLANG_WARN_EMPTY_BODY = YES;
				CLANG_WARN_ENUM_CONVERSION = YES;
				CLANG_WARN_INFINITE_RECURSION = YES;
				CLANG_WARN_INT_CONVERSION = YES;
				CLANG_WARN_NON_LITERAL_NULL_CONVERSION = YES;
				CLANG_WARN_OBJC_LITERAL_CONVERSION = YES;
				CLANG_WARN_OBJC_ROOT_CLASS = YES_ERROR;
				CLANG_WARN_RANGE_LOOP_ANALYSIS = YES;
				CLANG_WARN_STRICT_PROTOTYPES = YES;
				CLANG_WARN_SUSPICIOUS_MOVE = YES;
				CLANG_WARN_UNGUARDED_AVAILABILITY = YES_AGGRESSIVE;
				CLANG_WARN_UNREACHABLE_CODE = YES;
				CLANG_WARN__DUPLICATE_METHOD_MATCH = YES;
				CODE_SIGN_IDENTITY = "iPhone Developer";
				COPY_PHASE_STRIP = NO;
				DEBUG_INFORMATION_FORMAT = "dwarf-with-dsym";
				ENABLE_NS_ASSERTIONS = NO;
				ENABLE_STRICT_OBJC_MSGSEND = YES;
				GCC_C_LANGUAGE_STANDARD = gnu11;
				GCC_NO_COMMON_BLOCKS = YES;
				GCC_WARN_64_TO_32_BIT_CONVERSION = YES;
				GCC_WARN_ABOUT_RETURN_TYPE = YES_ERROR;
				GCC_WARN_UNDECLARED_SELECTOR = YES;
				GCC_WARN_UNINITIALIZED_AUTOS = YES_AGGRESSIVE;
				GCC_WARN_UNUSED_FUNCTION = YES;
				GCC_WARN_UNUSED_VARIABLE = YES;
				IPHONEOS_DEPLOYMENT_TARGET = 11.2;
				MTL_ENABLE_DEBUG_INFO = NO;
				SDKROOT = iphoneos;
				SWIFT_OPTIMIZATION_LEVEL = "-Owholemodule";
				VALIDATE_PRODUCT = YES;
			};
			name = Release;
		};
		95656943204C2BB3005F9F6B /* Debug */ = {
			isa = XCBuildConfiguration;
			baseConfigurationReference = E14BB7371D2565B6C06EB7EA /* Pods-Lenscape.debug.xcconfig */;
			buildSettings = {
				ASSETCATALOG_COMPILER_APPICON_NAME = AppIcon;
				"CODE_SIGN_IDENTITY[sdk=iphoneos*]" = "iPhone Developer";
				CODE_SIGN_STYLE = Automatic;
				DEVELOPMENT_TEAM = 2GN75K5C8B;
				INFOPLIST_FILE = Lenscape/Info.plist;
				IPHONEOS_DEPLOYMENT_TARGET = 10.0;
				LD_RUNPATH_SEARCH_PATHS = "$(inherited) @executable_path/Frameworks";
				PRODUCT_BUNDLE_IDENTIFIER = lenscape.Lenscape;
				PRODUCT_NAME = "$(TARGET_NAME)";
				PROVISIONING_PROFILE_SPECIFIER = "";
				SWIFT_VERSION = 4.0;
				TARGETED_DEVICE_FAMILY = "1,2";
			};
			name = Debug;
		};
		95656944204C2BB3005F9F6B /* Release */ = {
			isa = XCBuildConfiguration;
			baseConfigurationReference = 5362A6BF6BD12409D463E8E5 /* Pods-Lenscape.release.xcconfig */;
			buildSettings = {
				ASSETCATALOG_COMPILER_APPICON_NAME = AppIcon;
				"CODE_SIGN_IDENTITY[sdk=iphoneos*]" = "iPhone Developer";
				CODE_SIGN_STYLE = Automatic;
				DEVELOPMENT_TEAM = 2GN75K5C8B;
				INFOPLIST_FILE = Lenscape/Info.plist;
				IPHONEOS_DEPLOYMENT_TARGET = 10.0;
				LD_RUNPATH_SEARCH_PATHS = "$(inherited) @executable_path/Frameworks";
				PRODUCT_BUNDLE_IDENTIFIER = lenscape.Lenscape;
				PRODUCT_NAME = "$(TARGET_NAME)";
				PROVISIONING_PROFILE_SPECIFIER = "";
				SWIFT_VERSION = 4.0;
				TARGETED_DEVICE_FAMILY = "1,2";
			};
			name = Release;
		};
/* End XCBuildConfiguration section */

/* Begin XCConfigurationList section */
		9565692B204C2BB3005F9F6B /* Build configuration list for PBXProject "Lenscape" */ = {
			isa = XCConfigurationList;
			buildConfigurations = (
				95656940204C2BB3005F9F6B /* Debug */,
				95656941204C2BB3005F9F6B /* Release */,
			);
			defaultConfigurationIsVisible = 0;
			defaultConfigurationName = Release;
		};
		95656942204C2BB3005F9F6B /* Build configuration list for PBXNativeTarget "Lenscape" */ = {
			isa = XCConfigurationList;
			buildConfigurations = (
				95656943204C2BB3005F9F6B /* Debug */,
				95656944204C2BB3005F9F6B /* Release */,
			);
			defaultConfigurationIsVisible = 0;
			defaultConfigurationName = Release;
		};
/* End XCConfigurationList section */
	};
	rootObject = 95656928204C2BB3005F9F6B /* Project object */;
}
